// !$*UTF8*$!
{
	archiveVersion = 1;
	classes = {
	};
	objectVersion = 46;
	objects = {

/* Begin PBXBuildFile section */
		295A636C203BFAD700110792 /* StartTaskDetailVW.m in Sources */ = {isa = PBXBuildFile; fileRef = 295A636B203BFAD700110792 /* StartTaskDetailVW.m */; };
		295A636F203C05DB00110792 /* TremNconditionVW.m in Sources */ = {isa = PBXBuildFile; fileRef = 295A636E203C05DB00110792 /* TremNconditionVW.m */; };
		295A6372203C11C300110792 /* SignatureVW.m in Sources */ = {isa = PBXBuildFile; fileRef = 295A6371203C11C300110792 /* SignatureVW.m */; };
		295A6375203C313500110792 /* UviSignatureView.m in Sources */ = {isa = PBXBuildFile; fileRef = 295A6374203C313500110792 /* UviSignatureView.m */; };
		295A6379203C46C000110792 /* PhotosUI.framework in Frameworks */ = {isa = PBXBuildFile; fileRef = 295A6378203C46C000110792 /* PhotosUI.framework */; };
		295A637B203C46D100110792 /* AssetsLibrary.framework in Frameworks */ = {isa = PBXBuildFile; fileRef = 295A637A203C46D100110792 /* AssetsLibrary.framework */; };
		2968CE2C2015B0E6006CA19F /* loginLogo.png in Resources */ = {isa = PBXBuildFile; fileRef = 2968CE2B2015B0E6006CA19F /* loginLogo.png */; };
		2968CE2E2015B571006CA19F /* splash.png in Resources */ = {isa = PBXBuildFile; fileRef = 2968CE2D2015B571006CA19F /* splash.png */; };
		2968CE302015B5BF006CA19F /* ios in Resources */ = {isa = PBXBuildFile; fileRef = 2968CE2F2015B5BF006CA19F /* ios */; };
		2968CE322015C71A006CA19F /* refreshicon.png in Resources */ = {isa = PBXBuildFile; fileRef = 2968CE312015C71A006CA19F /* refreshicon.png */; };
		2968CE342015D2FD006CA19F /* job.png in Resources */ = {isa = PBXBuildFile; fileRef = 2968CE332015D2FD006CA19F /* job.png */; };
		2968CE382015D446006CA19F /* runningJob.png in Resources */ = {isa = PBXBuildFile; fileRef = 2968CE372015D446006CA19F /* runningJob.png */; };
		2968CE3A2015D4EF006CA19F /* jobhisry.png in Resources */ = {isa = PBXBuildFile; fileRef = 2968CE392015D4EF006CA19F /* jobhisry.png */; };
		2968CE3C2015D55A006CA19F /* invoice.png in Resources */ = {isa = PBXBuildFile; fileRef = 2968CE3B2015D55A006CA19F /* invoice.png */; };
		2968CE3E2015D5BC006CA19F /* expense.png in Resources */ = {isa = PBXBuildFile; fileRef = 2968CE3D2015D5BC006CA19F /* expense.png */; };
		2968CE402015D633006CA19F /* expenseHistry.png in Resources */ = {isa = PBXBuildFile; fileRef = 2968CE3F2015D633006CA19F /* expenseHistry.png */; };
		2968CE4220161433006CA19F /* CCKFNavDrawer.m in Sources */ = {isa = PBXBuildFile; fileRef = 2968CE4120161433006CA19F /* CCKFNavDrawer.m */; };
		530DC5511EC872C1000D4CA2 /* main.m in Sources */ = {isa = PBXBuildFile; fileRef = 530DC5501EC872C1000D4CA2 /* main.m */; };
		530DC5541EC872C1000D4CA2 /* AppDelegate.m in Sources */ = {isa = PBXBuildFile; fileRef = 530DC5531EC872C1000D4CA2 /* AppDelegate.m */; };
		530DC55A1EC872C1000D4CA2 /* Main.storyboard in Resources */ = {isa = PBXBuildFile; fileRef = 530DC5581EC872C1000D4CA2 /* Main.storyboard */; };
		530DC55C1EC872C1000D4CA2 /* Assets.xcassets in Resources */ = {isa = PBXBuildFile; fileRef = 530DC55B1EC872C1000D4CA2 /* Assets.xcassets */; };
		530DC55F1EC872C1000D4CA2 /* LaunchScreen.storyboard in Resources */ = {isa = PBXBuildFile; fileRef = 530DC55D1EC872C1000D4CA2 /* LaunchScreen.storyboard */; };
		530DC5681EC873AC000D4CA2 /* LogInVW.m in Sources */ = {isa = PBXBuildFile; fileRef = 530DC5671EC873AC000D4CA2 /* LogInVW.m */; };
		530DC5701EC88137000D4CA2 /* Reachability.m in Sources */ = {isa = PBXBuildFile; fileRef = 530DC56F1EC88137000D4CA2 /* Reachability.m */; };
		530DC58F1EC88157000D4CA2 /* NSData+ImageContentType.m in Sources */ = {isa = PBXBuildFile; fileRef = 530DC5731EC88157000D4CA2 /* NSData+ImageContentType.m */; };
		530DC5901EC88157000D4CA2 /* SDImageCache.m in Sources */ = {isa = PBXBuildFile; fileRef = 530DC5751EC88157000D4CA2 /* SDImageCache.m */; };
		530DC5911EC88157000D4CA2 /* SDWebImageCompat.m in Sources */ = {isa = PBXBuildFile; fileRef = 530DC5771EC88157000D4CA2 /* SDWebImageCompat.m */; };
		530DC5921EC88157000D4CA2 /* SDWebImageDecoder.m in Sources */ = {isa = PBXBuildFile; fileRef = 530DC5791EC88157000D4CA2 /* SDWebImageDecoder.m */; };
		530DC5931EC88157000D4CA2 /* SDWebImageDownloader.m in Sources */ = {isa = PBXBuildFile; fileRef = 530DC57B1EC88157000D4CA2 /* SDWebImageDownloader.m */; };
		530DC5941EC88157000D4CA2 /* SDWebImageDownloaderOperation.m in Sources */ = {isa = PBXBuildFile; fileRef = 530DC57D1EC88157000D4CA2 /* SDWebImageDownloaderOperation.m */; };
		530DC5951EC88157000D4CA2 /* SDWebImageManager.m in Sources */ = {isa = PBXBuildFile; fileRef = 530DC57F1EC88157000D4CA2 /* SDWebImageManager.m */; };
		530DC5961EC88157000D4CA2 /* SDWebImagePrefetcher.m in Sources */ = {isa = PBXBuildFile; fileRef = 530DC5821EC88157000D4CA2 /* SDWebImagePrefetcher.m */; };
		530DC5971EC88157000D4CA2 /* UIButton+WebCache.m in Sources */ = {isa = PBXBuildFile; fileRef = 530DC5841EC88157000D4CA2 /* UIButton+WebCache.m */; };
		530DC5981EC88157000D4CA2 /* UIImage+GIF.m in Sources */ = {isa = PBXBuildFile; fileRef = 530DC5861EC88157000D4CA2 /* UIImage+GIF.m */; };
		530DC5991EC88157000D4CA2 /* UIImage+MultiFormat.m in Sources */ = {isa = PBXBuildFile; fileRef = 530DC5881EC88157000D4CA2 /* UIImage+MultiFormat.m */; };
		530DC59A1EC88157000D4CA2 /* UIImageView+HighlightedWebCache.m in Sources */ = {isa = PBXBuildFile; fileRef = 530DC58A1EC88157000D4CA2 /* UIImageView+HighlightedWebCache.m */; };
		530DC59B1EC88157000D4CA2 /* UIImageView+WebCache.m in Sources */ = {isa = PBXBuildFile; fileRef = 530DC58C1EC88157000D4CA2 /* UIImageView+WebCache.m */; };
		530DC59C1EC88157000D4CA2 /* UIView+WebCacheOperation.m in Sources */ = {isa = PBXBuildFile; fileRef = 530DC58E1EC88157000D4CA2 /* UIView+WebCacheOperation.m */; };
		530DC5B21EC8816C000D4CA2 /* AFAutoPurgingImageCache.m in Sources */ = {isa = PBXBuildFile; fileRef = 530DC59F1EC8816C000D4CA2 /* AFAutoPurgingImageCache.m */; };
		530DC5B31EC8816C000D4CA2 /* AFImageDownloader.m in Sources */ = {isa = PBXBuildFile; fileRef = 530DC5A11EC8816C000D4CA2 /* AFImageDownloader.m */; };
		530DC5B41EC8816C000D4CA2 /* AFNetworkActivityIndicatorManager.m in Sources */ = {isa = PBXBuildFile; fileRef = 530DC5A31EC8816C000D4CA2 /* AFNetworkActivityIndicatorManager.m */; };
		530DC5B51EC8816C000D4CA2 /* UIActivityIndicatorView+AFNetworking.m in Sources */ = {isa = PBXBuildFile; fileRef = 530DC5A51EC8816C000D4CA2 /* UIActivityIndicatorView+AFNetworking.m */; };
		530DC5B61EC8816C000D4CA2 /* UIButton+AFNetworking.m in Sources */ = {isa = PBXBuildFile; fileRef = 530DC5A71EC8816C000D4CA2 /* UIButton+AFNetworking.m */; };
		530DC5B71EC8816C000D4CA2 /* UIImageView+AFNetworking.m in Sources */ = {isa = PBXBuildFile; fileRef = 530DC5AA1EC8816C000D4CA2 /* UIImageView+AFNetworking.m */; };
		530DC5B81EC8816C000D4CA2 /* UIProgressView+AFNetworking.m in Sources */ = {isa = PBXBuildFile; fileRef = 530DC5AD1EC8816C000D4CA2 /* UIProgressView+AFNetworking.m */; };
		530DC5B91EC8816C000D4CA2 /* UIRefreshControl+AFNetworking.m in Sources */ = {isa = PBXBuildFile; fileRef = 530DC5AF1EC8816C000D4CA2 /* UIRefreshControl+AFNetworking.m */; };
		530DC5BA1EC8816C000D4CA2 /* UIWebView+AFNetworking.m in Sources */ = {isa = PBXBuildFile; fileRef = 530DC5B11EC8816C000D4CA2 /* UIWebView+AFNetworking.m */; };
		530DC5C91EC8818A000D4CA2 /* AFHTTPSessionManager.m in Sources */ = {isa = PBXBuildFile; fileRef = 530DC5BD1EC8818A000D4CA2 /* AFHTTPSessionManager.m */; };
		530DC5CA1EC8818A000D4CA2 /* AFNetworkReachabilityManager.m in Sources */ = {isa = PBXBuildFile; fileRef = 530DC5C01EC8818A000D4CA2 /* AFNetworkReachabilityManager.m */; };
		530DC5CB1EC8818A000D4CA2 /* AFSecurityPolicy.m in Sources */ = {isa = PBXBuildFile; fileRef = 530DC5C21EC8818A000D4CA2 /* AFSecurityPolicy.m */; };
		530DC5CC1EC8818A000D4CA2 /* AFURLRequestSerialization.m in Sources */ = {isa = PBXBuildFile; fileRef = 530DC5C41EC8818A000D4CA2 /* AFURLRequestSerialization.m */; };
		530DC5CD1EC8818A000D4CA2 /* AFURLResponseSerialization.m in Sources */ = {isa = PBXBuildFile; fileRef = 530DC5C61EC8818A000D4CA2 /* AFURLResponseSerialization.m */; };
		530DC5CE1EC8818A000D4CA2 /* AFURLSessionManager.m in Sources */ = {isa = PBXBuildFile; fileRef = 530DC5C81EC8818A000D4CA2 /* AFURLSessionManager.m */; };
		530DC5D21EC881AF000D4CA2 /* KVNProgressView.xib in Resources */ = {isa = PBXBuildFile; fileRef = 530DC5D11EC881AF000D4CA2 /* KVNProgressView.xib */; };
		530DC5D81EC881C0000D4CA2 /* KVNProgress.m in Sources */ = {isa = PBXBuildFile; fileRef = 530DC5D51EC881C0000D4CA2 /* KVNProgress.m */; };
		530DC5D91EC881C0000D4CA2 /* KVNProgressConfiguration.m in Sources */ = {isa = PBXBuildFile; fileRef = 530DC5D71EC881C0000D4CA2 /* KVNProgressConfiguration.m */; };
		530DC5E11EC881D3000D4CA2 /* UIColor+KVNContrast.m in Sources */ = {isa = PBXBuildFile; fileRef = 530DC5DC1EC881D3000D4CA2 /* UIColor+KVNContrast.m */; };
		530DC5E21EC881D3000D4CA2 /* UIImage+KVNEmpty.m in Sources */ = {isa = PBXBuildFile; fileRef = 530DC5DE1EC881D3000D4CA2 /* UIImage+KVNEmpty.m */; };
		530DC5E31EC881D3000D4CA2 /* UIImage+KVNImageEffects.m in Sources */ = {isa = PBXBuildFile; fileRef = 530DC5E01EC881D3000D4CA2 /* UIImage+KVNImageEffects.m */; };
		530DC5F21EC8822C000D4CA2 /* IQNSArray+Sort.m in Sources */ = {isa = PBXBuildFile; fileRef = 530DC5E71EC8822C000D4CA2 /* IQNSArray+Sort.m */; };
		530DC5F31EC8822C000D4CA2 /* IQUIScrollView+Additions.m in Sources */ = {isa = PBXBuildFile; fileRef = 530DC5E91EC8822C000D4CA2 /* IQUIScrollView+Additions.m */; };
		530DC5F41EC8822C000D4CA2 /* IQUITextFieldView+Additions.m in Sources */ = {isa = PBXBuildFile; fileRef = 530DC5EB1EC8822C000D4CA2 /* IQUITextFieldView+Additions.m */; };
		530DC5F51EC8822C000D4CA2 /* IQUIView+Hierarchy.m in Sources */ = {isa = PBXBuildFile; fileRef = 530DC5ED1EC8822C000D4CA2 /* IQUIView+Hierarchy.m */; };
		530DC5F61EC8822C000D4CA2 /* IQUIViewController+Additions.m in Sources */ = {isa = PBXBuildFile; fileRef = 530DC5EF1EC8822C000D4CA2 /* IQUIViewController+Additions.m */; };
		530DC5F71EC8822C000D4CA2 /* IQUIWindow+Hierarchy.m in Sources */ = {isa = PBXBuildFile; fileRef = 530DC5F11EC8822C000D4CA2 /* IQUIWindow+Hierarchy.m */; };
		530DC5FF1EC88249000D4CA2 /* IQKeyboardManager.m in Sources */ = {isa = PBXBuildFile; fileRef = 530DC5FC1EC88249000D4CA2 /* IQKeyboardManager.m */; };
		530DC6001EC88249000D4CA2 /* IQKeyboardReturnKeyHandler.m in Sources */ = {isa = PBXBuildFile; fileRef = 530DC5FE1EC88249000D4CA2 /* IQKeyboardReturnKeyHandler.m */; };
		530DC6041EC88259000D4CA2 /* IQTextView.m in Sources */ = {isa = PBXBuildFile; fileRef = 530DC6031EC88259000D4CA2 /* IQTextView.m */; };
		530DC6101EC88271000D4CA2 /* IQBarButtonItem.m in Sources */ = {isa = PBXBuildFile; fileRef = 530DC6071EC88271000D4CA2 /* IQBarButtonItem.m */; };
		530DC6111EC88271000D4CA2 /* IQPreviousNextView.m in Sources */ = {isa = PBXBuildFile; fileRef = 530DC6091EC88271000D4CA2 /* IQPreviousNextView.m */; };
		530DC6121EC88271000D4CA2 /* IQTitleBarButtonItem.m in Sources */ = {isa = PBXBuildFile; fileRef = 530DC60B1EC88271000D4CA2 /* IQTitleBarButtonItem.m */; };
		530DC6131EC88271000D4CA2 /* IQToolbar.m in Sources */ = {isa = PBXBuildFile; fileRef = 530DC60D1EC88271000D4CA2 /* IQToolbar.m */; };
		530DC6141EC88271000D4CA2 /* IQUIView+IQKeyboardToolbar.m in Sources */ = {isa = PBXBuildFile; fileRef = 530DC60F1EC88271000D4CA2 /* IQUIView+IQKeyboardToolbar.m */; };
		530DC6171EC88283000D4CA2 /* IQKeyboardManager.bundle in Resources */ = {isa = PBXBuildFile; fileRef = 530DC6161EC88283000D4CA2 /* IQKeyboardManager.bundle */; };
		530DC61B1EC882A8000D4CA2 /* CommonWS.m in Sources */ = {isa = PBXBuildFile; fileRef = 530DC61A1EC882A8000D4CA2 /* CommonWS.m */; };
		530DC61E1EC88373000D4CA2 /* ForgotPassVW.m in Sources */ = {isa = PBXBuildFile; fileRef = 530DC61D1EC88373000D4CA2 /* ForgotPassVW.m */; };
		530DC62A1EC89989000D4CA2 /* DrawerView.xib in Resources */ = {isa = PBXBuildFile; fileRef = 530DC6231EC89989000D4CA2 /* DrawerView.xib */; };
		530DC62B1EC89989000D4CA2 /* DrawerView.m in Sources */ = {isa = PBXBuildFile; fileRef = 530DC6251EC89989000D4CA2 /* DrawerView.m */; };
		530DC62C1EC89989000D4CA2 /* MenuCell.m in Sources */ = {isa = PBXBuildFile; fileRef = 530DC6271EC89989000D4CA2 /* MenuCell.m */; };
		530DC62D1EC89989000D4CA2 /* MenuCell.xib in Resources */ = {isa = PBXBuildFile; fileRef = 530DC6281EC89989000D4CA2 /* MenuCell.xib */; };
		530DC62F1EC89A74000D4CA2 /* WhiteMenuIcon.png in Resources */ = {isa = PBXBuildFile; fileRef = 530DC62E1EC89A74000D4CA2 /* WhiteMenuIcon.png */; };
		530DC6321EC89BFD000D4CA2 /* HomeVW.m in Sources */ = {isa = PBXBuildFile; fileRef = 530DC6311EC89BFD000D4CA2 /* HomeVW.m */; };
		53523A731EC972FB00EE41E9 /* logo.png in Resources */ = {isa = PBXBuildFile; fileRef = 53523A721EC972FB00EE41E9 /* logo.png */; };
		53523A761EC98D0200EE41E9 /* ProfileVIEW.m in Sources */ = {isa = PBXBuildFile; fileRef = 53523A751EC98D0200EE41E9 /* ProfileVIEW.m */; };
		53523A7D1EC9DDF000EE41E9 /* attendence_empty.png in Resources */ = {isa = PBXBuildFile; fileRef = 53523A7C1EC9DDF000EE41E9 /* attendence_empty.png */; };
		53523A7F1EC9DDF500EE41E9 /* attendence.png in Resources */ = {isa = PBXBuildFile; fileRef = 53523A7E1EC9DDF500EE41E9 /* attendence.png */; };
		53523A811EC9DE0600EE41E9 /* customer.png in Resources */ = {isa = PBXBuildFile; fileRef = 53523A801EC9DE0500EE41E9 /* customer.png */; };
		53523A831EC9DE1600EE41E9 /* dispatch.png in Resources */ = {isa = PBXBuildFile; fileRef = 53523A821EC9DE1600EE41E9 /* dispatch.png */; };
		53523A851EC9DE3B00EE41E9 /* inward.png in Resources */ = {isa = PBXBuildFile; fileRef = 53523A841EC9DE3B00EE41E9 /* inward.png */; };
		53523A871EC9DE4100EE41E9 /* logout.png in Resources */ = {isa = PBXBuildFile; fileRef = 53523A861EC9DE4100EE41E9 /* logout.png */; };
		53523A891EC9DE7300EE41E9 /* notification_list.png in Resources */ = {isa = PBXBuildFile; fileRef = 53523A881EC9DE7300EE41E9 /* notification_list.png */; };
		53523A8D1EC9DE8000EE41E9 /* profile.png in Resources */ = {isa = PBXBuildFile; fileRef = 53523A8C1EC9DE8000EE41E9 /* profile.png */; };
		53523A8F1EC9DE8F00EE41E9 /* stock.png in Resources */ = {isa = PBXBuildFile; fileRef = 53523A8E1EC9DE8F00EE41E9 /* stock.png */; };
		53523A941EC9F7EE00EE41E9 /* NotificationVW.m in Sources */ = {isa = PBXBuildFile; fileRef = 53523A931EC9F7EE00EE41E9 /* NotificationVW.m */; };
		53523A991EC9F88700EE41E9 /* Notification_Cell.m in Sources */ = {isa = PBXBuildFile; fileRef = 53523A971EC9F88700EE41E9 /* Notification_Cell.m */; };
		53523A9A1EC9F88700EE41E9 /* Notification_Cell.xib in Resources */ = {isa = PBXBuildFile; fileRef = 53523A981EC9F88700EE41E9 /* Notification_Cell.xib */; };
		B11BDB41203043D800E97C32 /* JobDetailView.m in Sources */ = {isa = PBXBuildFile; fileRef = B11BDB40203043D800E97C32 /* JobDetailView.m */; };
		B11BDB442030609600E97C32 /* ExpenseHistoryView.m in Sources */ = {isa = PBXBuildFile; fileRef = B11BDB432030609600E97C32 /* ExpenseHistoryView.m */; };
		B133ECA9202FF512008BC8AE /* JobView.m in Sources */ = {isa = PBXBuildFile; fileRef = B133ECA8202FF512008BC8AE /* JobView.m */; };
		B133ECAD20300192008BC8AE /* TodayJobCell.m in Sources */ = {isa = PBXBuildFile; fileRef = B133ECAB20300192008BC8AE /* TodayJobCell.m */; };
		B133ECAE20300192008BC8AE /* TodayJobCell.xib in Resources */ = {isa = PBXBuildFile; fileRef = B133ECAC20300192008BC8AE /* TodayJobCell.xib */; };
		B133ECB12030118E008BC8AE /* ExpenseView.m in Sources */ = {isa = PBXBuildFile; fileRef = B133ECB02030118E008BC8AE /* ExpenseView.m */; };
/* End PBXBuildFile section */

/* Begin PBXFileReference section */
		295A636A203BFAD700110792 /* StartTaskDetailVW.h */ = {isa = PBXFileReference; fileEncoding = 4; lastKnownFileType = sourcecode.c.h; path = StartTaskDetailVW.h; sourceTree = "<group>"; };
		295A636B203BFAD700110792 /* StartTaskDetailVW.m */ = {isa = PBXFileReference; fileEncoding = 4; lastKnownFileType = sourcecode.c.objc; path = StartTaskDetailVW.m; sourceTree = "<group>"; };
		295A636D203C05DB00110792 /* TremNconditionVW.h */ = {isa = PBXFileReference; fileEncoding = 4; lastKnownFileType = sourcecode.c.h; path = TremNconditionVW.h; sourceTree = "<group>"; };
		295A636E203C05DB00110792 /* TremNconditionVW.m */ = {isa = PBXFileReference; fileEncoding = 4; lastKnownFileType = sourcecode.c.objc; path = TremNconditionVW.m; sourceTree = "<group>"; };
		295A6370203C11C300110792 /* SignatureVW.h */ = {isa = PBXFileReference; fileEncoding = 4; lastKnownFileType = sourcecode.c.h; path = SignatureVW.h; sourceTree = "<group>"; };
		295A6371203C11C300110792 /* SignatureVW.m */ = {isa = PBXFileReference; fileEncoding = 4; lastKnownFileType = sourcecode.c.objc; path = SignatureVW.m; sourceTree = "<group>"; };
		295A6373203C313500110792 /* UviSignatureView.h */ = {isa = PBXFileReference; fileEncoding = 4; lastKnownFileType = sourcecode.c.h; path = UviSignatureView.h; sourceTree = "<group>"; };
		295A6374203C313500110792 /* UviSignatureView.m */ = {isa = PBXFileReference; fileEncoding = 4; lastKnownFileType = sourcecode.c.objc; path = UviSignatureView.m; sourceTree = "<group>"; };
		295A6378203C46C000110792 /* PhotosUI.framework */ = {isa = PBXFileReference; lastKnownFileType = wrapper.framework; name = PhotosUI.framework; path = System/Library/Frameworks/PhotosUI.framework; sourceTree = SDKROOT; };
		295A637A203C46D100110792 /* AssetsLibrary.framework */ = {isa = PBXFileReference; lastKnownFileType = wrapper.framework; name = AssetsLibrary.framework; path = System/Library/Frameworks/AssetsLibrary.framework; sourceTree = SDKROOT; };
		2965CC7D2031C66B00F3BCBB /* misterMover.pch */ = {isa = PBXFileReference; fileEncoding = 4; lastKnownFileType = sourcecode.c.h; path = misterMover.pch; sourceTree = "<group>"; };
		2968CE2B2015B0E6006CA19F /* loginLogo.png */ = {isa = PBXFileReference; lastKnownFileType = image.png; path = loginLogo.png; sourceTree = "<group>"; };
		2968CE2D2015B571006CA19F /* splash.png */ = {isa = PBXFileReference; lastKnownFileType = image.png; path = splash.png; sourceTree = "<group>"; };
		2968CE2F2015B5BF006CA19F /* ios */ = {isa = PBXFileReference; lastKnownFileType = folder; path = ios; sourceTree = "<group>"; };
		2968CE312015C71A006CA19F /* refreshicon.png */ = {isa = PBXFileReference; lastKnownFileType = image.png; path = refreshicon.png; sourceTree = "<group>"; };
		2968CE332015D2FD006CA19F /* job.png */ = {isa = PBXFileReference; lastKnownFileType = image.png; path = job.png; sourceTree = "<group>"; };
		2968CE372015D446006CA19F /* runningJob.png */ = {isa = PBXFileReference; lastKnownFileType = image.png; path = runningJob.png; sourceTree = "<group>"; };
		2968CE392015D4EF006CA19F /* jobhisry.png */ = {isa = PBXFileReference; lastKnownFileType = image.png; path = jobhisry.png; sourceTree = "<group>"; };
		2968CE3B2015D55A006CA19F /* invoice.png */ = {isa = PBXFileReference; lastKnownFileType = image.png; path = invoice.png; sourceTree = "<group>"; };
		2968CE3D2015D5BC006CA19F /* expense.png */ = {isa = PBXFileReference; lastKnownFileType = image.png; path = expense.png; sourceTree = "<group>"; };
		2968CE3F2015D633006CA19F /* expenseHistry.png */ = {isa = PBXFileReference; lastKnownFileType = image.png; path = expenseHistry.png; sourceTree = "<group>"; };
		2968CE4120161433006CA19F /* CCKFNavDrawer.m */ = {isa = PBXFileReference; fileEncoding = 4; lastKnownFileType = sourcecode.c.objc; path = CCKFNavDrawer.m; sourceTree = "<group>"; };
		530DC54C1EC872C1000D4CA2 /* MisterMovers.app */ = {isa = PBXFileReference; explicitFileType = wrapper.application; includeInIndex = 0; path = MisterMovers.app; sourceTree = BUILT_PRODUCTS_DIR; };
		530DC5501EC872C1000D4CA2 /* main.m */ = {isa = PBXFileReference; lastKnownFileType = sourcecode.c.objc; path = main.m; sourceTree = "<group>"; };
		530DC5521EC872C1000D4CA2 /* AppDelegate.h */ = {isa = PBXFileReference; lastKnownFileType = sourcecode.c.h; path = AppDelegate.h; sourceTree = "<group>"; };
		530DC5531EC872C1000D4CA2 /* AppDelegate.m */ = {isa = PBXFileReference; lastKnownFileType = sourcecode.c.objc; path = AppDelegate.m; sourceTree = "<group>"; };
		530DC5591EC872C1000D4CA2 /* Base */ = {isa = PBXFileReference; lastKnownFileType = file.storyboard; name = Base; path = Base.lproj/Main.storyboard; sourceTree = "<group>"; };
		530DC55B1EC872C1000D4CA2 /* Assets.xcassets */ = {isa = PBXFileReference; lastKnownFileType = folder.assetcatalog; path = Assets.xcassets; sourceTree = "<group>"; };
		530DC55E1EC872C1000D4CA2 /* Base */ = {isa = PBXFileReference; lastKnownFileType = file.storyboard; name = Base; path = Base.lproj/LaunchScreen.storyboard; sourceTree = "<group>"; };
		530DC5601EC872C1000D4CA2 /* Info.plist */ = {isa = PBXFileReference; lastKnownFileType = text.plist.xml; path = Info.plist; sourceTree = "<group>"; };
		530DC5661EC873AC000D4CA2 /* LogInVW.h */ = {isa = PBXFileReference; fileEncoding = 4; lastKnownFileType = sourcecode.c.h; path = LogInVW.h; sourceTree = "<group>"; };
		530DC5671EC873AC000D4CA2 /* LogInVW.m */ = {isa = PBXFileReference; fileEncoding = 4; lastKnownFileType = sourcecode.c.objc; path = LogInVW.m; sourceTree = "<group>"; };
		530DC56E1EC88137000D4CA2 /* Reachability.h */ = {isa = PBXFileReference; fileEncoding = 4; lastKnownFileType = sourcecode.c.h; path = Reachability.h; sourceTree = "<group>"; };
		530DC56F1EC88137000D4CA2 /* Reachability.m */ = {isa = PBXFileReference; fileEncoding = 4; lastKnownFileType = sourcecode.c.objc; path = Reachability.m; sourceTree = "<group>"; };
		530DC5721EC88157000D4CA2 /* NSData+ImageContentType.h */ = {isa = PBXFileReference; fileEncoding = 4; lastKnownFileType = sourcecode.c.h; path = "NSData+ImageContentType.h"; sourceTree = "<group>"; };
		530DC5731EC88157000D4CA2 /* NSData+ImageContentType.m */ = {isa = PBXFileReference; fileEncoding = 4; lastKnownFileType = sourcecode.c.objc; path = "NSData+ImageContentType.m"; sourceTree = "<group>"; };
		530DC5741EC88157000D4CA2 /* SDImageCache.h */ = {isa = PBXFileReference; fileEncoding = 4; lastKnownFileType = sourcecode.c.h; path = SDImageCache.h; sourceTree = "<group>"; };
		530DC5751EC88157000D4CA2 /* SDImageCache.m */ = {isa = PBXFileReference; fileEncoding = 4; lastKnownFileType = sourcecode.c.objc; path = SDImageCache.m; sourceTree = "<group>"; };
		530DC5761EC88157000D4CA2 /* SDWebImageCompat.h */ = {isa = PBXFileReference; fileEncoding = 4; lastKnownFileType = sourcecode.c.h; path = SDWebImageCompat.h; sourceTree = "<group>"; };
		530DC5771EC88157000D4CA2 /* SDWebImageCompat.m */ = {isa = PBXFileReference; fileEncoding = 4; lastKnownFileType = sourcecode.c.objc; path = SDWebImageCompat.m; sourceTree = "<group>"; };
		530DC5781EC88157000D4CA2 /* SDWebImageDecoder.h */ = {isa = PBXFileReference; fileEncoding = 4; lastKnownFileType = sourcecode.c.h; path = SDWebImageDecoder.h; sourceTree = "<group>"; };
		530DC5791EC88157000D4CA2 /* SDWebImageDecoder.m */ = {isa = PBXFileReference; fileEncoding = 4; lastKnownFileType = sourcecode.c.objc; path = SDWebImageDecoder.m; sourceTree = "<group>"; };
		530DC57A1EC88157000D4CA2 /* SDWebImageDownloader.h */ = {isa = PBXFileReference; fileEncoding = 4; lastKnownFileType = sourcecode.c.h; path = SDWebImageDownloader.h; sourceTree = "<group>"; };
		530DC57B1EC88157000D4CA2 /* SDWebImageDownloader.m */ = {isa = PBXFileReference; fileEncoding = 4; lastKnownFileType = sourcecode.c.objc; path = SDWebImageDownloader.m; sourceTree = "<group>"; };
		530DC57C1EC88157000D4CA2 /* SDWebImageDownloaderOperation.h */ = {isa = PBXFileReference; fileEncoding = 4; lastKnownFileType = sourcecode.c.h; path = SDWebImageDownloaderOperation.h; sourceTree = "<group>"; };
		530DC57D1EC88157000D4CA2 /* SDWebImageDownloaderOperation.m */ = {isa = PBXFileReference; fileEncoding = 4; lastKnownFileType = sourcecode.c.objc; path = SDWebImageDownloaderOperation.m; sourceTree = "<group>"; };
		530DC57E1EC88157000D4CA2 /* SDWebImageManager.h */ = {isa = PBXFileReference; fileEncoding = 4; lastKnownFileType = sourcecode.c.h; path = SDWebImageManager.h; sourceTree = "<group>"; };
		530DC57F1EC88157000D4CA2 /* SDWebImageManager.m */ = {isa = PBXFileReference; fileEncoding = 4; lastKnownFileType = sourcecode.c.objc; path = SDWebImageManager.m; sourceTree = "<group>"; };
		530DC5801EC88157000D4CA2 /* SDWebImageOperation.h */ = {isa = PBXFileReference; fileEncoding = 4; lastKnownFileType = sourcecode.c.h; path = SDWebImageOperation.h; sourceTree = "<group>"; };
		530DC5811EC88157000D4CA2 /* SDWebImagePrefetcher.h */ = {isa = PBXFileReference; fileEncoding = 4; lastKnownFileType = sourcecode.c.h; path = SDWebImagePrefetcher.h; sourceTree = "<group>"; };
		530DC5821EC88157000D4CA2 /* SDWebImagePrefetcher.m */ = {isa = PBXFileReference; fileEncoding = 4; lastKnownFileType = sourcecode.c.objc; path = SDWebImagePrefetcher.m; sourceTree = "<group>"; };
		530DC5831EC88157000D4CA2 /* UIButton+WebCache.h */ = {isa = PBXFileReference; fileEncoding = 4; lastKnownFileType = sourcecode.c.h; path = "UIButton+WebCache.h"; sourceTree = "<group>"; };
		530DC5841EC88157000D4CA2 /* UIButton+WebCache.m */ = {isa = PBXFileReference; fileEncoding = 4; lastKnownFileType = sourcecode.c.objc; path = "UIButton+WebCache.m"; sourceTree = "<group>"; };
		530DC5851EC88157000D4CA2 /* UIImage+GIF.h */ = {isa = PBXFileReference; fileEncoding = 4; lastKnownFileType = sourcecode.c.h; path = "UIImage+GIF.h"; sourceTree = "<group>"; };
		530DC5861EC88157000D4CA2 /* UIImage+GIF.m */ = {isa = PBXFileReference; fileEncoding = 4; lastKnownFileType = sourcecode.c.objc; path = "UIImage+GIF.m"; sourceTree = "<group>"; };
		530DC5871EC88157000D4CA2 /* UIImage+MultiFormat.h */ = {isa = PBXFileReference; fileEncoding = 4; lastKnownFileType = sourcecode.c.h; path = "UIImage+MultiFormat.h"; sourceTree = "<group>"; };
		530DC5881EC88157000D4CA2 /* UIImage+MultiFormat.m */ = {isa = PBXFileReference; fileEncoding = 4; lastKnownFileType = sourcecode.c.objc; path = "UIImage+MultiFormat.m"; sourceTree = "<group>"; };
		530DC5891EC88157000D4CA2 /* UIImageView+HighlightedWebCache.h */ = {isa = PBXFileReference; fileEncoding = 4; lastKnownFileType = sourcecode.c.h; path = "UIImageView+HighlightedWebCache.h"; sourceTree = "<group>"; };
		530DC58A1EC88157000D4CA2 /* UIImageView+HighlightedWebCache.m */ = {isa = PBXFileReference; fileEncoding = 4; lastKnownFileType = sourcecode.c.objc; path = "UIImageView+HighlightedWebCache.m"; sourceTree = "<group>"; };
		530DC58B1EC88157000D4CA2 /* UIImageView+WebCache.h */ = {isa = PBXFileReference; fileEncoding = 4; lastKnownFileType = sourcecode.c.h; path = "UIImageView+WebCache.h"; sourceTree = "<group>"; };
		530DC58C1EC88157000D4CA2 /* UIImageView+WebCache.m */ = {isa = PBXFileReference; fileEncoding = 4; lastKnownFileType = sourcecode.c.objc; path = "UIImageView+WebCache.m"; sourceTree = "<group>"; };
		530DC58D1EC88157000D4CA2 /* UIView+WebCacheOperation.h */ = {isa = PBXFileReference; fileEncoding = 4; lastKnownFileType = sourcecode.c.h; path = "UIView+WebCacheOperation.h"; sourceTree = "<group>"; };
		530DC58E1EC88157000D4CA2 /* UIView+WebCacheOperation.m */ = {isa = PBXFileReference; fileEncoding = 4; lastKnownFileType = sourcecode.c.objc; path = "UIView+WebCacheOperation.m"; sourceTree = "<group>"; };
		530DC59E1EC8816C000D4CA2 /* AFAutoPurgingImageCache.h */ = {isa = PBXFileReference; fileEncoding = 4; lastKnownFileType = sourcecode.c.h; path = AFAutoPurgingImageCache.h; sourceTree = "<group>"; };
		530DC59F1EC8816C000D4CA2 /* AFAutoPurgingImageCache.m */ = {isa = PBXFileReference; fileEncoding = 4; lastKnownFileType = sourcecode.c.objc; path = AFAutoPurgingImageCache.m; sourceTree = "<group>"; };
		530DC5A01EC8816C000D4CA2 /* AFImageDownloader.h */ = {isa = PBXFileReference; fileEncoding = 4; lastKnownFileType = sourcecode.c.h; path = AFImageDownloader.h; sourceTree = "<group>"; };
		530DC5A11EC8816C000D4CA2 /* AFImageDownloader.m */ = {isa = PBXFileReference; fileEncoding = 4; lastKnownFileType = sourcecode.c.objc; path = AFImageDownloader.m; sourceTree = "<group>"; };
		530DC5A21EC8816C000D4CA2 /* AFNetworkActivityIndicatorManager.h */ = {isa = PBXFileReference; fileEncoding = 4; lastKnownFileType = sourcecode.c.h; path = AFNetworkActivityIndicatorManager.h; sourceTree = "<group>"; };
		530DC5A31EC8816C000D4CA2 /* AFNetworkActivityIndicatorManager.m */ = {isa = PBXFileReference; fileEncoding = 4; lastKnownFileType = sourcecode.c.objc; path = AFNetworkActivityIndicatorManager.m; sourceTree = "<group>"; };
		530DC5A41EC8816C000D4CA2 /* UIActivityIndicatorView+AFNetworking.h */ = {isa = PBXFileReference; fileEncoding = 4; lastKnownFileType = sourcecode.c.h; path = "UIActivityIndicatorView+AFNetworking.h"; sourceTree = "<group>"; };
		530DC5A51EC8816C000D4CA2 /* UIActivityIndicatorView+AFNetworking.m */ = {isa = PBXFileReference; fileEncoding = 4; lastKnownFileType = sourcecode.c.objc; path = "UIActivityIndicatorView+AFNetworking.m"; sourceTree = "<group>"; };
		530DC5A61EC8816C000D4CA2 /* UIButton+AFNetworking.h */ = {isa = PBXFileReference; fileEncoding = 4; lastKnownFileType = sourcecode.c.h; path = "UIButton+AFNetworking.h"; sourceTree = "<group>"; };
		530DC5A71EC8816C000D4CA2 /* UIButton+AFNetworking.m */ = {isa = PBXFileReference; fileEncoding = 4; lastKnownFileType = sourcecode.c.objc; path = "UIButton+AFNetworking.m"; sourceTree = "<group>"; };
		530DC5A81EC8816C000D4CA2 /* UIImage+AFNetworking.h */ = {isa = PBXFileReference; fileEncoding = 4; lastKnownFileType = sourcecode.c.h; path = "UIImage+AFNetworking.h"; sourceTree = "<group>"; };
		530DC5A91EC8816C000D4CA2 /* UIImageView+AFNetworking.h */ = {isa = PBXFileReference; fileEncoding = 4; lastKnownFileType = sourcecode.c.h; path = "UIImageView+AFNetworking.h"; sourceTree = "<group>"; };
		530DC5AA1EC8816C000D4CA2 /* UIImageView+AFNetworking.m */ = {isa = PBXFileReference; fileEncoding = 4; lastKnownFileType = sourcecode.c.objc; path = "UIImageView+AFNetworking.m"; sourceTree = "<group>"; };
		530DC5AB1EC8816C000D4CA2 /* UIKit+AFNetworking.h */ = {isa = PBXFileReference; fileEncoding = 4; lastKnownFileType = sourcecode.c.h; path = "UIKit+AFNetworking.h"; sourceTree = "<group>"; };
		530DC5AC1EC8816C000D4CA2 /* UIProgressView+AFNetworking.h */ = {isa = PBXFileReference; fileEncoding = 4; lastKnownFileType = sourcecode.c.h; path = "UIProgressView+AFNetworking.h"; sourceTree = "<group>"; };
		530DC5AD1EC8816C000D4CA2 /* UIProgressView+AFNetworking.m */ = {isa = PBXFileReference; fileEncoding = 4; lastKnownFileType = sourcecode.c.objc; path = "UIProgressView+AFNetworking.m"; sourceTree = "<group>"; };
		530DC5AE1EC8816C000D4CA2 /* UIRefreshControl+AFNetworking.h */ = {isa = PBXFileReference; fileEncoding = 4; lastKnownFileType = sourcecode.c.h; path = "UIRefreshControl+AFNetworking.h"; sourceTree = "<group>"; };
		530DC5AF1EC8816C000D4CA2 /* UIRefreshControl+AFNetworking.m */ = {isa = PBXFileReference; fileEncoding = 4; lastKnownFileType = sourcecode.c.objc; path = "UIRefreshControl+AFNetworking.m"; sourceTree = "<group>"; };
		530DC5B01EC8816C000D4CA2 /* UIWebView+AFNetworking.h */ = {isa = PBXFileReference; fileEncoding = 4; lastKnownFileType = sourcecode.c.h; path = "UIWebView+AFNetworking.h"; sourceTree = "<group>"; };
		530DC5B11EC8816C000D4CA2 /* UIWebView+AFNetworking.m */ = {isa = PBXFileReference; fileEncoding = 4; lastKnownFileType = sourcecode.c.objc; path = "UIWebView+AFNetworking.m"; sourceTree = "<group>"; };
		530DC5BC1EC8818A000D4CA2 /* AFHTTPSessionManager.h */ = {isa = PBXFileReference; fileEncoding = 4; lastKnownFileType = sourcecode.c.h; path = AFHTTPSessionManager.h; sourceTree = "<group>"; };
		530DC5BD1EC8818A000D4CA2 /* AFHTTPSessionManager.m */ = {isa = PBXFileReference; fileEncoding = 4; lastKnownFileType = sourcecode.c.objc; path = AFHTTPSessionManager.m; sourceTree = "<group>"; };
		530DC5BE1EC8818A000D4CA2 /* AFNetworking.h */ = {isa = PBXFileReference; fileEncoding = 4; lastKnownFileType = sourcecode.c.h; path = AFNetworking.h; sourceTree = "<group>"; };
		530DC5BF1EC8818A000D4CA2 /* AFNetworkReachabilityManager.h */ = {isa = PBXFileReference; fileEncoding = 4; lastKnownFileType = sourcecode.c.h; path = AFNetworkReachabilityManager.h; sourceTree = "<group>"; };
		530DC5C01EC8818A000D4CA2 /* AFNetworkReachabilityManager.m */ = {isa = PBXFileReference; fileEncoding = 4; lastKnownFileType = sourcecode.c.objc; path = AFNetworkReachabilityManager.m; sourceTree = "<group>"; };
		530DC5C11EC8818A000D4CA2 /* AFSecurityPolicy.h */ = {isa = PBXFileReference; fileEncoding = 4; lastKnownFileType = sourcecode.c.h; path = AFSecurityPolicy.h; sourceTree = "<group>"; };
		530DC5C21EC8818A000D4CA2 /* AFSecurityPolicy.m */ = {isa = PBXFileReference; fileEncoding = 4; lastKnownFileType = sourcecode.c.objc; path = AFSecurityPolicy.m; sourceTree = "<group>"; };
		530DC5C31EC8818A000D4CA2 /* AFURLRequestSerialization.h */ = {isa = PBXFileReference; fileEncoding = 4; lastKnownFileType = sourcecode.c.h; path = AFURLRequestSerialization.h; sourceTree = "<group>"; };
		530DC5C41EC8818A000D4CA2 /* AFURLRequestSerialization.m */ = {isa = PBXFileReference; fileEncoding = 4; lastKnownFileType = sourcecode.c.objc; path = AFURLRequestSerialization.m; sourceTree = "<group>"; };
		530DC5C51EC8818A000D4CA2 /* AFURLResponseSerialization.h */ = {isa = PBXFileReference; fileEncoding = 4; lastKnownFileType = sourcecode.c.h; path = AFURLResponseSerialization.h; sourceTree = "<group>"; };
		530DC5C61EC8818A000D4CA2 /* AFURLResponseSerialization.m */ = {isa = PBXFileReference; fileEncoding = 4; lastKnownFileType = sourcecode.c.objc; path = AFURLResponseSerialization.m; sourceTree = "<group>"; };
		530DC5C71EC8818A000D4CA2 /* AFURLSessionManager.h */ = {isa = PBXFileReference; fileEncoding = 4; lastKnownFileType = sourcecode.c.h; path = AFURLSessionManager.h; sourceTree = "<group>"; };
		530DC5C81EC8818A000D4CA2 /* AFURLSessionManager.m */ = {isa = PBXFileReference; fileEncoding = 4; lastKnownFileType = sourcecode.c.objc; path = AFURLSessionManager.m; sourceTree = "<group>"; };
		530DC5D11EC881AF000D4CA2 /* KVNProgressView.xib */ = {isa = PBXFileReference; fileEncoding = 4; lastKnownFileType = file.xib; path = KVNProgressView.xib; sourceTree = "<group>"; };
		530DC5D41EC881C0000D4CA2 /* KVNProgress.h */ = {isa = PBXFileReference; fileEncoding = 4; lastKnownFileType = sourcecode.c.h; path = KVNProgress.h; sourceTree = "<group>"; };
		530DC5D51EC881C0000D4CA2 /* KVNProgress.m */ = {isa = PBXFileReference; fileEncoding = 4; lastKnownFileType = sourcecode.c.objc; path = KVNProgress.m; sourceTree = "<group>"; };
		530DC5D61EC881C0000D4CA2 /* KVNProgressConfiguration.h */ = {isa = PBXFileReference; fileEncoding = 4; lastKnownFileType = sourcecode.c.h; path = KVNProgressConfiguration.h; sourceTree = "<group>"; };
		530DC5D71EC881C0000D4CA2 /* KVNProgressConfiguration.m */ = {isa = PBXFileReference; fileEncoding = 4; lastKnownFileType = sourcecode.c.objc; path = KVNProgressConfiguration.m; sourceTree = "<group>"; };
		530DC5DB1EC881D3000D4CA2 /* UIColor+KVNContrast.h */ = {isa = PBXFileReference; fileEncoding = 4; lastKnownFileType = sourcecode.c.h; path = "UIColor+KVNContrast.h"; sourceTree = "<group>"; };
		530DC5DC1EC881D3000D4CA2 /* UIColor+KVNContrast.m */ = {isa = PBXFileReference; fileEncoding = 4; lastKnownFileType = sourcecode.c.objc; path = "UIColor+KVNContrast.m"; sourceTree = "<group>"; };
		530DC5DD1EC881D3000D4CA2 /* UIImage+KVNEmpty.h */ = {isa = PBXFileReference; fileEncoding = 4; lastKnownFileType = sourcecode.c.h; path = "UIImage+KVNEmpty.h"; sourceTree = "<group>"; };
		530DC5DE1EC881D3000D4CA2 /* UIImage+KVNEmpty.m */ = {isa = PBXFileReference; fileEncoding = 4; lastKnownFileType = sourcecode.c.objc; path = "UIImage+KVNEmpty.m"; sourceTree = "<group>"; };
		530DC5DF1EC881D3000D4CA2 /* UIImage+KVNImageEffects.h */ = {isa = PBXFileReference; fileEncoding = 4; lastKnownFileType = sourcecode.c.h; path = "UIImage+KVNImageEffects.h"; sourceTree = "<group>"; };
		530DC5E01EC881D3000D4CA2 /* UIImage+KVNImageEffects.m */ = {isa = PBXFileReference; fileEncoding = 4; lastKnownFileType = sourcecode.c.objc; path = "UIImage+KVNImageEffects.m"; sourceTree = "<group>"; };
		530DC5E61EC8822C000D4CA2 /* IQNSArray+Sort.h */ = {isa = PBXFileReference; fileEncoding = 4; lastKnownFileType = sourcecode.c.h; path = "IQNSArray+Sort.h"; sourceTree = "<group>"; };
		530DC5E71EC8822C000D4CA2 /* IQNSArray+Sort.m */ = {isa = PBXFileReference; fileEncoding = 4; lastKnownFileType = sourcecode.c.objc; path = "IQNSArray+Sort.m"; sourceTree = "<group>"; };
		530DC5E81EC8822C000D4CA2 /* IQUIScrollView+Additions.h */ = {isa = PBXFileReference; fileEncoding = 4; lastKnownFileType = sourcecode.c.h; path = "IQUIScrollView+Additions.h"; sourceTree = "<group>"; };
		530DC5E91EC8822C000D4CA2 /* IQUIScrollView+Additions.m */ = {isa = PBXFileReference; fileEncoding = 4; lastKnownFileType = sourcecode.c.objc; path = "IQUIScrollView+Additions.m"; sourceTree = "<group>"; };
		530DC5EA1EC8822C000D4CA2 /* IQUITextFieldView+Additions.h */ = {isa = PBXFileReference; fileEncoding = 4; lastKnownFileType = sourcecode.c.h; path = "IQUITextFieldView+Additions.h"; sourceTree = "<group>"; };
		530DC5EB1EC8822C000D4CA2 /* IQUITextFieldView+Additions.m */ = {isa = PBXFileReference; fileEncoding = 4; lastKnownFileType = sourcecode.c.objc; path = "IQUITextFieldView+Additions.m"; sourceTree = "<group>"; };
		530DC5EC1EC8822C000D4CA2 /* IQUIView+Hierarchy.h */ = {isa = PBXFileReference; fileEncoding = 4; lastKnownFileType = sourcecode.c.h; path = "IQUIView+Hierarchy.h"; sourceTree = "<group>"; };
		530DC5ED1EC8822C000D4CA2 /* IQUIView+Hierarchy.m */ = {isa = PBXFileReference; fileEncoding = 4; lastKnownFileType = sourcecode.c.objc; path = "IQUIView+Hierarchy.m"; sourceTree = "<group>"; };
		530DC5EE1EC8822C000D4CA2 /* IQUIViewController+Additions.h */ = {isa = PBXFileReference; fileEncoding = 4; lastKnownFileType = sourcecode.c.h; path = "IQUIViewController+Additions.h"; sourceTree = "<group>"; };
		530DC5EF1EC8822C000D4CA2 /* IQUIViewController+Additions.m */ = {isa = PBXFileReference; fileEncoding = 4; lastKnownFileType = sourcecode.c.objc; path = "IQUIViewController+Additions.m"; sourceTree = "<group>"; };
		530DC5F01EC8822C000D4CA2 /* IQUIWindow+Hierarchy.h */ = {isa = PBXFileReference; fileEncoding = 4; lastKnownFileType = sourcecode.c.h; path = "IQUIWindow+Hierarchy.h"; sourceTree = "<group>"; };
		530DC5F11EC8822C000D4CA2 /* IQUIWindow+Hierarchy.m */ = {isa = PBXFileReference; fileEncoding = 4; lastKnownFileType = sourcecode.c.objc; path = "IQUIWindow+Hierarchy.m"; sourceTree = "<group>"; };
		530DC5F91EC8823F000D4CA2 /* IQKeyboardManagerConstants.h */ = {isa = PBXFileReference; lastKnownFileType = sourcecode.c.h; path = IQKeyboardManagerConstants.h; sourceTree = "<group>"; };
		530DC5FA1EC8823F000D4CA2 /* IQKeyboardManagerConstantsInternal.h */ = {isa = PBXFileReference; lastKnownFileType = sourcecode.c.h; path = IQKeyboardManagerConstantsInternal.h; sourceTree = "<group>"; };
		530DC5FB1EC88249000D4CA2 /* IQKeyboardManager.h */ = {isa = PBXFileReference; fileEncoding = 4; lastKnownFileType = sourcecode.c.h; path = IQKeyboardManager.h; sourceTree = "<group>"; };
		530DC5FC1EC88249000D4CA2 /* IQKeyboardManager.m */ = {isa = PBXFileReference; fileEncoding = 4; lastKnownFileType = sourcecode.c.objc; path = IQKeyboardManager.m; sourceTree = "<group>"; };
		530DC5FD1EC88249000D4CA2 /* IQKeyboardReturnKeyHandler.h */ = {isa = PBXFileReference; fileEncoding = 4; lastKnownFileType = sourcecode.c.h; path = IQKeyboardReturnKeyHandler.h; sourceTree = "<group>"; };
		530DC5FE1EC88249000D4CA2 /* IQKeyboardReturnKeyHandler.m */ = {isa = PBXFileReference; fileEncoding = 4; lastKnownFileType = sourcecode.c.objc; path = IQKeyboardReturnKeyHandler.m; sourceTree = "<group>"; };
		530DC6021EC88259000D4CA2 /* IQTextView.h */ = {isa = PBXFileReference; fileEncoding = 4; lastKnownFileType = sourcecode.c.h; path = IQTextView.h; sourceTree = "<group>"; };
		530DC6031EC88259000D4CA2 /* IQTextView.m */ = {isa = PBXFileReference; fileEncoding = 4; lastKnownFileType = sourcecode.c.objc; path = IQTextView.m; sourceTree = "<group>"; };
		530DC6061EC88271000D4CA2 /* IQBarButtonItem.h */ = {isa = PBXFileReference; fileEncoding = 4; lastKnownFileType = sourcecode.c.h; path = IQBarButtonItem.h; sourceTree = "<group>"; };
		530DC6071EC88271000D4CA2 /* IQBarButtonItem.m */ = {isa = PBXFileReference; fileEncoding = 4; lastKnownFileType = sourcecode.c.objc; path = IQBarButtonItem.m; sourceTree = "<group>"; };
		530DC6081EC88271000D4CA2 /* IQPreviousNextView.h */ = {isa = PBXFileReference; fileEncoding = 4; lastKnownFileType = sourcecode.c.h; path = IQPreviousNextView.h; sourceTree = "<group>"; };
		530DC6091EC88271000D4CA2 /* IQPreviousNextView.m */ = {isa = PBXFileReference; fileEncoding = 4; lastKnownFileType = sourcecode.c.objc; path = IQPreviousNextView.m; sourceTree = "<group>"; };
		530DC60A1EC88271000D4CA2 /* IQTitleBarButtonItem.h */ = {isa = PBXFileReference; fileEncoding = 4; lastKnownFileType = sourcecode.c.h; path = IQTitleBarButtonItem.h; sourceTree = "<group>"; };
		530DC60B1EC88271000D4CA2 /* IQTitleBarButtonItem.m */ = {isa = PBXFileReference; fileEncoding = 4; lastKnownFileType = sourcecode.c.objc; path = IQTitleBarButtonItem.m; sourceTree = "<group>"; };
		530DC60C1EC88271000D4CA2 /* IQToolbar.h */ = {isa = PBXFileReference; fileEncoding = 4; lastKnownFileType = sourcecode.c.h; path = IQToolbar.h; sourceTree = "<group>"; };
		530DC60D1EC88271000D4CA2 /* IQToolbar.m */ = {isa = PBXFileReference; fileEncoding = 4; lastKnownFileType = sourcecode.c.objc; path = IQToolbar.m; sourceTree = "<group>"; };
		530DC60E1EC88271000D4CA2 /* IQUIView+IQKeyboardToolbar.h */ = {isa = PBXFileReference; fileEncoding = 4; lastKnownFileType = sourcecode.c.h; path = "IQUIView+IQKeyboardToolbar.h"; sourceTree = "<group>"; };
		530DC60F1EC88271000D4CA2 /* IQUIView+IQKeyboardToolbar.m */ = {isa = PBXFileReference; fileEncoding = 4; lastKnownFileType = sourcecode.c.objc; path = "IQUIView+IQKeyboardToolbar.m"; sourceTree = "<group>"; };
		530DC6161EC88283000D4CA2 /* IQKeyboardManager.bundle */ = {isa = PBXFileReference; lastKnownFileType = "wrapper.plug-in"; path = IQKeyboardManager.bundle; sourceTree = "<group>"; };
		530DC6191EC882A8000D4CA2 /* CommonWS.h */ = {isa = PBXFileReference; fileEncoding = 4; lastKnownFileType = sourcecode.c.h; path = CommonWS.h; sourceTree = "<group>"; };
		530DC61A1EC882A8000D4CA2 /* CommonWS.m */ = {isa = PBXFileReference; fileEncoding = 4; lastKnownFileType = sourcecode.c.objc; path = CommonWS.m; sourceTree = "<group>"; };
		530DC61C1EC88373000D4CA2 /* ForgotPassVW.h */ = {isa = PBXFileReference; fileEncoding = 4; lastKnownFileType = sourcecode.c.h; path = ForgotPassVW.h; sourceTree = "<group>"; };
		530DC61D1EC88373000D4CA2 /* ForgotPassVW.m */ = {isa = PBXFileReference; fileEncoding = 4; lastKnownFileType = sourcecode.c.objc; path = ForgotPassVW.m; sourceTree = "<group>"; };
		530DC6211EC89989000D4CA2 /* CCKFNavDrawer.h */ = {isa = PBXFileReference; fileEncoding = 4; lastKnownFileType = sourcecode.c.h; path = CCKFNavDrawer.h; sourceTree = "<group>"; };
		530DC6231EC89989000D4CA2 /* DrawerView.xib */ = {isa = PBXFileReference; fileEncoding = 4; lastKnownFileType = file.xib; path = DrawerView.xib; sourceTree = "<group>"; };
		530DC6241EC89989000D4CA2 /* DrawerView.h */ = {isa = PBXFileReference; fileEncoding = 4; lastKnownFileType = sourcecode.c.h; path = DrawerView.h; sourceTree = "<group>"; };
		530DC6251EC89989000D4CA2 /* DrawerView.m */ = {isa = PBXFileReference; fileEncoding = 4; lastKnownFileType = sourcecode.c.objc; path = DrawerView.m; sourceTree = "<group>"; };
		530DC6261EC89989000D4CA2 /* MenuCell.h */ = {isa = PBXFileReference; fileEncoding = 4; lastKnownFileType = sourcecode.c.h; path = MenuCell.h; sourceTree = "<group>"; };
		530DC6271EC89989000D4CA2 /* MenuCell.m */ = {isa = PBXFileReference; fileEncoding = 4; lastKnownFileType = sourcecode.c.objc; path = MenuCell.m; sourceTree = "<group>"; };
		530DC6281EC89989000D4CA2 /* MenuCell.xib */ = {isa = PBXFileReference; fileEncoding = 4; lastKnownFileType = file.xib; path = MenuCell.xib; sourceTree = "<group>"; };
		530DC62E1EC89A74000D4CA2 /* WhiteMenuIcon.png */ = {isa = PBXFileReference; lastKnownFileType = image.png; path = WhiteMenuIcon.png; sourceTree = "<group>"; };
		530DC6301EC89BFD000D4CA2 /* HomeVW.h */ = {isa = PBXFileReference; fileEncoding = 4; lastKnownFileType = sourcecode.c.h; path = HomeVW.h; sourceTree = "<group>"; };
		530DC6311EC89BFD000D4CA2 /* HomeVW.m */ = {isa = PBXFileReference; fileEncoding = 4; lastKnownFileType = sourcecode.c.objc; path = HomeVW.m; sourceTree = "<group>"; };
		53523A721EC972FB00EE41E9 /* logo.png */ = {isa = PBXFileReference; lastKnownFileType = image.png; path = logo.png; sourceTree = "<group>"; };
		53523A741EC98D0200EE41E9 /* ProfileVIEW.h */ = {isa = PBXFileReference; fileEncoding = 4; lastKnownFileType = sourcecode.c.h; path = ProfileVIEW.h; sourceTree = "<group>"; };
		53523A751EC98D0200EE41E9 /* ProfileVIEW.m */ = {isa = PBXFileReference; fileEncoding = 4; lastKnownFileType = sourcecode.c.objc; path = ProfileVIEW.m; sourceTree = "<group>"; };
		53523A7C1EC9DDF000EE41E9 /* attendence_empty.png */ = {isa = PBXFileReference; lastKnownFileType = image.png; path = attendence_empty.png; sourceTree = "<group>"; };
		53523A7E1EC9DDF500EE41E9 /* attendence.png */ = {isa = PBXFileReference; lastKnownFileType = image.png; path = attendence.png; sourceTree = "<group>"; };
		53523A801EC9DE0500EE41E9 /* customer.png */ = {isa = PBXFileReference; lastKnownFileType = image.png; path = customer.png; sourceTree = "<group>"; };
		53523A821EC9DE1600EE41E9 /* dispatch.png */ = {isa = PBXFileReference; lastKnownFileType = image.png; path = dispatch.png; sourceTree = "<group>"; };
		53523A841EC9DE3B00EE41E9 /* inward.png */ = {isa = PBXFileReference; lastKnownFileType = image.png; path = inward.png; sourceTree = "<group>"; };
		53523A861EC9DE4100EE41E9 /* logout.png */ = {isa = PBXFileReference; lastKnownFileType = image.png; path = logout.png; sourceTree = "<group>"; };
		53523A881EC9DE7300EE41E9 /* notification_list.png */ = {isa = PBXFileReference; lastKnownFileType = image.png; path = notification_list.png; sourceTree = "<group>"; };
		53523A8C1EC9DE8000EE41E9 /* profile.png */ = {isa = PBXFileReference; lastKnownFileType = image.png; path = profile.png; sourceTree = "<group>"; };
		53523A8E1EC9DE8F00EE41E9 /* stock.png */ = {isa = PBXFileReference; lastKnownFileType = image.png; path = stock.png; sourceTree = "<group>"; };
		53523A921EC9F7EE00EE41E9 /* NotificationVW.h */ = {isa = PBXFileReference; fileEncoding = 4; lastKnownFileType = sourcecode.c.h; path = NotificationVW.h; sourceTree = "<group>"; };
		53523A931EC9F7EE00EE41E9 /* NotificationVW.m */ = {isa = PBXFileReference; fileEncoding = 4; lastKnownFileType = sourcecode.c.objc; path = NotificationVW.m; sourceTree = "<group>"; };
		53523A961EC9F88700EE41E9 /* Notification_Cell.h */ = {isa = PBXFileReference; fileEncoding = 4; lastKnownFileType = sourcecode.c.h; path = Notification_Cell.h; sourceTree = "<group>"; };
		53523A971EC9F88700EE41E9 /* Notification_Cell.m */ = {isa = PBXFileReference; fileEncoding = 4; lastKnownFileType = sourcecode.c.objc; path = Notification_Cell.m; sourceTree = "<group>"; };
		53523A981EC9F88700EE41E9 /* Notification_Cell.xib */ = {isa = PBXFileReference; fileEncoding = 4; lastKnownFileType = file.xib; path = Notification_Cell.xib; sourceTree = "<group>"; };
		B11BDB3F203043D800E97C32 /* JobDetailView.h */ = {isa = PBXFileReference; fileEncoding = 4; lastKnownFileType = sourcecode.c.h; path = JobDetailView.h; sourceTree = "<group>"; };
		B11BDB40203043D800E97C32 /* JobDetailView.m */ = {isa = PBXFileReference; fileEncoding = 4; lastKnownFileType = sourcecode.c.objc; path = JobDetailView.m; sourceTree = "<group>"; };
		B11BDB422030609600E97C32 /* ExpenseHistoryView.h */ = {isa = PBXFileReference; fileEncoding = 4; lastKnownFileType = sourcecode.c.h; path = ExpenseHistoryView.h; sourceTree = "<group>"; };
		B11BDB432030609600E97C32 /* ExpenseHistoryView.m */ = {isa = PBXFileReference; fileEncoding = 4; lastKnownFileType = sourcecode.c.objc; path = ExpenseHistoryView.m; sourceTree = "<group>"; };
		B133ECA7202FF512008BC8AE /* JobView.h */ = {isa = PBXFileReference; fileEncoding = 4; lastKnownFileType = sourcecode.c.h; path = JobView.h; sourceTree = "<group>"; };
		B133ECA8202FF512008BC8AE /* JobView.m */ = {isa = PBXFileReference; fileEncoding = 4; lastKnownFileType = sourcecode.c.objc; path = JobView.m; sourceTree = "<group>"; };
		B133ECAA20300192008BC8AE /* TodayJobCell.h */ = {isa = PBXFileReference; fileEncoding = 4; lastKnownFileType = sourcecode.c.h; path = TodayJobCell.h; sourceTree = "<group>"; };
		B133ECAB20300192008BC8AE /* TodayJobCell.m */ = {isa = PBXFileReference; fileEncoding = 4; lastKnownFileType = sourcecode.c.objc; path = TodayJobCell.m; sourceTree = "<group>"; };
		B133ECAC20300192008BC8AE /* TodayJobCell.xib */ = {isa = PBXFileReference; fileEncoding = 4; lastKnownFileType = file.xib; path = TodayJobCell.xib; sourceTree = "<group>"; };
		B133ECAF2030118E008BC8AE /* ExpenseView.h */ = {isa = PBXFileReference; fileEncoding = 4; lastKnownFileType = sourcecode.c.h; path = ExpenseView.h; sourceTree = "<group>"; };
		B133ECB02030118E008BC8AE /* ExpenseView.m */ = {isa = PBXFileReference; fileEncoding = 4; lastKnownFileType = sourcecode.c.objc; path = ExpenseView.m; sourceTree = "<group>"; };
/* End PBXFileReference section */

/* Begin PBXFrameworksBuildPhase section */
		530DC5491EC872C1000D4CA2 /* Frameworks */ = {
			isa = PBXFrameworksBuildPhase;
			buildActionMask = 2147483647;
			files = (
				295A637B203C46D100110792 /* AssetsLibrary.framework in Frameworks */,
				295A6379203C46C000110792 /* PhotosUI.framework in Frameworks */,
			);
			runOnlyForDeploymentPostprocessing = 0;
		};
/* End PBXFrameworksBuildPhase section */

/* Begin PBXGroup section */
		295A6376203C366B00110792 /* Signature */ = {
			isa = PBXGroup;
			children = (
				295A6373203C313500110792 /* UviSignatureView.h */,
				295A6374203C313500110792 /* UviSignatureView.m */,
			);
			name = Signature;
			sourceTree = "<group>";
		};
		295A6377203C46C000110792 /* Frameworks */ = {
			isa = PBXGroup;
			children = (
				295A637A203C46D100110792 /* AssetsLibrary.framework */,
				295A6378203C46C000110792 /* PhotosUI.framework */,
			);
			name = Frameworks;
			sourceTree = "<group>";
		};
		530DC5431EC872C1000D4CA2 = {
			isa = PBXGroup;
			children = (
				530DC54E1EC872C1000D4CA2 /* MisterMovers */,
				530DC54D1EC872C1000D4CA2 /* Products */,
				295A6377203C46C000110792 /* Frameworks */,
			);
			sourceTree = "<group>";
		};
		530DC54D1EC872C1000D4CA2 /* Products */ = {
			isa = PBXGroup;
			children = (
				530DC54C1EC872C1000D4CA2 /* MisterMovers.app */,
			);
			name = Products;
			sourceTree = "<group>";
		};
		530DC54E1EC872C1000D4CA2 /* MisterMovers */ = {
			isa = PBXGroup;
			children = (
				295A6376203C366B00110792 /* Signature */,
				2968CE2F2015B5BF006CA19F /* ios */,
				53523A951EC9F86B00EE41E9 /* Cell */,
				530DC6201EC89979000D4CA2 /* Menu */,
				530DC6181EC882A1000D4CA2 /* CommanClass */,
				530DC5E41EC88213000D4CA2 /* IQKeyboardManager */,
				530DC5521EC872C1000D4CA2 /* AppDelegate.h */,
				530DC5531EC872C1000D4CA2 /* AppDelegate.m */,
				530DC5661EC873AC000D4CA2 /* LogInVW.h */,
				530DC5671EC873AC000D4CA2 /* LogInVW.m */,
				530DC61C1EC88373000D4CA2 /* ForgotPassVW.h */,
				530DC61D1EC88373000D4CA2 /* ForgotPassVW.m */,
				53523A741EC98D0200EE41E9 /* ProfileVIEW.h */,
				53523A751EC98D0200EE41E9 /* ProfileVIEW.m */,
				530DC6301EC89BFD000D4CA2 /* HomeVW.h */,
				530DC6311EC89BFD000D4CA2 /* HomeVW.m */,
				53523A921EC9F7EE00EE41E9 /* NotificationVW.h */,
				53523A931EC9F7EE00EE41E9 /* NotificationVW.m */,
				B133ECA7202FF512008BC8AE /* JobView.h */,
				B133ECA8202FF512008BC8AE /* JobView.m */,
				295A636A203BFAD700110792 /* StartTaskDetailVW.h */,
				295A636B203BFAD700110792 /* StartTaskDetailVW.m */,
				295A6370203C11C300110792 /* SignatureVW.h */,
				295A6371203C11C300110792 /* SignatureVW.m */,
				B11BDB3F203043D800E97C32 /* JobDetailView.h */,
				B11BDB40203043D800E97C32 /* JobDetailView.m */,
				B133ECAF2030118E008BC8AE /* ExpenseView.h */,
				B133ECB02030118E008BC8AE /* ExpenseView.m */,
				B11BDB422030609600E97C32 /* ExpenseHistoryView.h */,
				B11BDB432030609600E97C32 /* ExpenseHistoryView.m */,
				295A636D203C05DB00110792 /* TremNconditionVW.h */,
				295A636E203C05DB00110792 /* TremNconditionVW.m */,
				530DC5581EC872C1000D4CA2 /* Main.storyboard */,
				2965CC7D2031C66B00F3BCBB /* misterMover.pch */,
				530DC56B1EC879C9000D4CA2 /* Images */,
				530DC55B1EC872C1000D4CA2 /* Assets.xcassets */,
				530DC55D1EC872C1000D4CA2 /* LaunchScreen.storyboard */,
				530DC5601EC872C1000D4CA2 /* Info.plist */,
				530DC54F1EC872C1000D4CA2 /* Supporting Files */,
			);
			path = MisterMovers;
			sourceTree = "<group>";
		};
		530DC54F1EC872C1000D4CA2 /* Supporting Files */ = {
			isa = PBXGroup;
			children = (
				530DC56C1EC88122000D4CA2 /* Class File */,
				530DC5501EC872C1000D4CA2 /* main.m */,
			);
			name = "Supporting Files";
			sourceTree = "<group>";
		};
		530DC56B1EC879C9000D4CA2 /* Images */ = {
			isa = PBXGroup;
			children = (
				53523A791EC9DD8D00EE41E9 /* HomeIcon */,
				530DC62E1EC89A74000D4CA2 /* WhiteMenuIcon.png */,
				2968CE2D2015B571006CA19F /* splash.png */,
				2968CE2B2015B0E6006CA19F /* loginLogo.png */,
				53523A721EC972FB00EE41E9 /* logo.png */,
			);
			name = Images;
			sourceTree = "<group>";
		};
		530DC56C1EC88122000D4CA2 /* Class File */ = {
			isa = PBXGroup;
			children = (
				530DC5CF1EC8819C000D4CA2 /* KVNProgress */,
				530DC5BB1EC88178000D4CA2 /* AFNetworking */,
				530DC59D1EC88163000D4CA2 /* UIKit+AFNetworking */,
				530DC5711EC8814A000D4CA2 /* WEBIMG */,
				530DC56D1EC8812E000D4CA2 /* Rechability */,
			);
			name = "Class File";
			sourceTree = "<group>";
		};
		530DC56D1EC8812E000D4CA2 /* Rechability */ = {
			isa = PBXGroup;
			children = (
				530DC56E1EC88137000D4CA2 /* Reachability.h */,
				530DC56F1EC88137000D4CA2 /* Reachability.m */,
			);
			name = Rechability;
			sourceTree = "<group>";
		};
		530DC5711EC8814A000D4CA2 /* WEBIMG */ = {
			isa = PBXGroup;
			children = (
				530DC5721EC88157000D4CA2 /* NSData+ImageContentType.h */,
				530DC5731EC88157000D4CA2 /* NSData+ImageContentType.m */,
				530DC5741EC88157000D4CA2 /* SDImageCache.h */,
				530DC5751EC88157000D4CA2 /* SDImageCache.m */,
				530DC5761EC88157000D4CA2 /* SDWebImageCompat.h */,
				530DC5771EC88157000D4CA2 /* SDWebImageCompat.m */,
				530DC5781EC88157000D4CA2 /* SDWebImageDecoder.h */,
				530DC5791EC88157000D4CA2 /* SDWebImageDecoder.m */,
				530DC57A1EC88157000D4CA2 /* SDWebImageDownloader.h */,
				530DC57B1EC88157000D4CA2 /* SDWebImageDownloader.m */,
				530DC57C1EC88157000D4CA2 /* SDWebImageDownloaderOperation.h */,
				530DC57D1EC88157000D4CA2 /* SDWebImageDownloaderOperation.m */,
				530DC57E1EC88157000D4CA2 /* SDWebImageManager.h */,
				530DC57F1EC88157000D4CA2 /* SDWebImageManager.m */,
				530DC5801EC88157000D4CA2 /* SDWebImageOperation.h */,
				530DC5811EC88157000D4CA2 /* SDWebImagePrefetcher.h */,
				530DC5821EC88157000D4CA2 /* SDWebImagePrefetcher.m */,
				530DC5831EC88157000D4CA2 /* UIButton+WebCache.h */,
				530DC5841EC88157000D4CA2 /* UIButton+WebCache.m */,
				530DC5851EC88157000D4CA2 /* UIImage+GIF.h */,
				530DC5861EC88157000D4CA2 /* UIImage+GIF.m */,
				530DC5871EC88157000D4CA2 /* UIImage+MultiFormat.h */,
				530DC5881EC88157000D4CA2 /* UIImage+MultiFormat.m */,
				530DC5891EC88157000D4CA2 /* UIImageView+HighlightedWebCache.h */,
				530DC58A1EC88157000D4CA2 /* UIImageView+HighlightedWebCache.m */,
				530DC58B1EC88157000D4CA2 /* UIImageView+WebCache.h */,
				530DC58C1EC88157000D4CA2 /* UIImageView+WebCache.m */,
				530DC58D1EC88157000D4CA2 /* UIView+WebCacheOperation.h */,
				530DC58E1EC88157000D4CA2 /* UIView+WebCacheOperation.m */,
			);
			name = WEBIMG;
			sourceTree = "<group>";
		};
		530DC59D1EC88163000D4CA2 /* UIKit+AFNetworking */ = {
			isa = PBXGroup;
			children = (
				530DC59E1EC8816C000D4CA2 /* AFAutoPurgingImageCache.h */,
				530DC59F1EC8816C000D4CA2 /* AFAutoPurgingImageCache.m */,
				530DC5A01EC8816C000D4CA2 /* AFImageDownloader.h */,
				530DC5A11EC8816C000D4CA2 /* AFImageDownloader.m */,
				530DC5A21EC8816C000D4CA2 /* AFNetworkActivityIndicatorManager.h */,
				530DC5A31EC8816C000D4CA2 /* AFNetworkActivityIndicatorManager.m */,
				530DC5A41EC8816C000D4CA2 /* UIActivityIndicatorView+AFNetworking.h */,
				530DC5A51EC8816C000D4CA2 /* UIActivityIndicatorView+AFNetworking.m */,
				530DC5A61EC8816C000D4CA2 /* UIButton+AFNetworking.h */,
				530DC5A71EC8816C000D4CA2 /* UIButton+AFNetworking.m */,
				530DC5A81EC8816C000D4CA2 /* UIImage+AFNetworking.h */,
				530DC5A91EC8816C000D4CA2 /* UIImageView+AFNetworking.h */,
				530DC5AA1EC8816C000D4CA2 /* UIImageView+AFNetworking.m */,
				530DC5AB1EC8816C000D4CA2 /* UIKit+AFNetworking.h */,
				530DC5AC1EC8816C000D4CA2 /* UIProgressView+AFNetworking.h */,
				530DC5AD1EC8816C000D4CA2 /* UIProgressView+AFNetworking.m */,
				530DC5AE1EC8816C000D4CA2 /* UIRefreshControl+AFNetworking.h */,
				530DC5AF1EC8816C000D4CA2 /* UIRefreshControl+AFNetworking.m */,
				530DC5B01EC8816C000D4CA2 /* UIWebView+AFNetworking.h */,
				530DC5B11EC8816C000D4CA2 /* UIWebView+AFNetworking.m */,
			);
			name = "UIKit+AFNetworking";
			sourceTree = "<group>";
		};
		530DC5BB1EC88178000D4CA2 /* AFNetworking */ = {
			isa = PBXGroup;
			children = (
				530DC5BC1EC8818A000D4CA2 /* AFHTTPSessionManager.h */,
				530DC5BD1EC8818A000D4CA2 /* AFHTTPSessionManager.m */,
				530DC5BE1EC8818A000D4CA2 /* AFNetworking.h */,
				530DC5BF1EC8818A000D4CA2 /* AFNetworkReachabilityManager.h */,
				530DC5C01EC8818A000D4CA2 /* AFNetworkReachabilityManager.m */,
				530DC5C11EC8818A000D4CA2 /* AFSecurityPolicy.h */,
				530DC5C21EC8818A000D4CA2 /* AFSecurityPolicy.m */,
				530DC5C31EC8818A000D4CA2 /* AFURLRequestSerialization.h */,
				530DC5C41EC8818A000D4CA2 /* AFURLRequestSerialization.m */,
				530DC5C51EC8818A000D4CA2 /* AFURLResponseSerialization.h */,
				530DC5C61EC8818A000D4CA2 /* AFURLResponseSerialization.m */,
				530DC5C71EC8818A000D4CA2 /* AFURLSessionManager.h */,
				530DC5C81EC8818A000D4CA2 /* AFURLSessionManager.m */,
			);
			name = AFNetworking;
			sourceTree = "<group>";
		};
		530DC5CF1EC8819C000D4CA2 /* KVNProgress */ = {
			isa = PBXGroup;
			children = (
				530DC5DA1EC881C9000D4CA2 /* Categories */,
				530DC5D31EC881B8000D4CA2 /* Classes */,
				530DC5D01EC881A8000D4CA2 /* Resources */,
			);
			name = KVNProgress;
			sourceTree = "<group>";
		};
		530DC5D01EC881A8000D4CA2 /* Resources */ = {
			isa = PBXGroup;
			children = (
				530DC5D11EC881AF000D4CA2 /* KVNProgressView.xib */,
			);
			name = Resources;
			sourceTree = "<group>";
		};
		530DC5D31EC881B8000D4CA2 /* Classes */ = {
			isa = PBXGroup;
			children = (
				530DC5D41EC881C0000D4CA2 /* KVNProgress.h */,
				530DC5D51EC881C0000D4CA2 /* KVNProgress.m */,
				530DC5D61EC881C0000D4CA2 /* KVNProgressConfiguration.h */,
				530DC5D71EC881C0000D4CA2 /* KVNProgressConfiguration.m */,
			);
			name = Classes;
			sourceTree = "<group>";
		};
		530DC5DA1EC881C9000D4CA2 /* Categories */ = {
			isa = PBXGroup;
			children = (
				530DC5DB1EC881D3000D4CA2 /* UIColor+KVNContrast.h */,
				530DC5DC1EC881D3000D4CA2 /* UIColor+KVNContrast.m */,
				530DC5DD1EC881D3000D4CA2 /* UIImage+KVNEmpty.h */,
				530DC5DE1EC881D3000D4CA2 /* UIImage+KVNEmpty.m */,
				530DC5DF1EC881D3000D4CA2 /* UIImage+KVNImageEffects.h */,
				530DC5E01EC881D3000D4CA2 /* UIImage+KVNImageEffects.m */,
			);
			name = Categories;
			sourceTree = "<group>";
		};
		530DC5E41EC88213000D4CA2 /* IQKeyboardManager */ = {
			isa = PBXGroup;
			children = (
				530DC6151EC8827D000D4CA2 /* Resources */,
				530DC6051EC88264000D4CA2 /* IQToolbar */,
				530DC6011EC88251000D4CA2 /* IQTextView */,
				530DC5FB1EC88249000D4CA2 /* IQKeyboardManager.h */,
				530DC5FC1EC88249000D4CA2 /* IQKeyboardManager.m */,
				530DC5FD1EC88249000D4CA2 /* IQKeyboardReturnKeyHandler.h */,
				530DC5FE1EC88249000D4CA2 /* IQKeyboardReturnKeyHandler.m */,
				530DC5F81EC88235000D4CA2 /* Constants */,
				530DC5E51EC8821D000D4CA2 /* Categories */,
			);
			name = IQKeyboardManager;
			sourceTree = "<group>";
		};
		530DC5E51EC8821D000D4CA2 /* Categories */ = {
			isa = PBXGroup;
			children = (
				530DC5E61EC8822C000D4CA2 /* IQNSArray+Sort.h */,
				530DC5E71EC8822C000D4CA2 /* IQNSArray+Sort.m */,
				530DC5E81EC8822C000D4CA2 /* IQUIScrollView+Additions.h */,
				530DC5E91EC8822C000D4CA2 /* IQUIScrollView+Additions.m */,
				530DC5EA1EC8822C000D4CA2 /* IQUITextFieldView+Additions.h */,
				530DC5EB1EC8822C000D4CA2 /* IQUITextFieldView+Additions.m */,
				530DC5EC1EC8822C000D4CA2 /* IQUIView+Hierarchy.h */,
				530DC5ED1EC8822C000D4CA2 /* IQUIView+Hierarchy.m */,
				530DC5EE1EC8822C000D4CA2 /* IQUIViewController+Additions.h */,
				530DC5EF1EC8822C000D4CA2 /* IQUIViewController+Additions.m */,
				530DC5F01EC8822C000D4CA2 /* IQUIWindow+Hierarchy.h */,
				530DC5F11EC8822C000D4CA2 /* IQUIWindow+Hierarchy.m */,
			);
			name = Categories;
			sourceTree = "<group>";
		};
		530DC5F81EC88235000D4CA2 /* Constants */ = {
			isa = PBXGroup;
			children = (
				530DC5F91EC8823F000D4CA2 /* IQKeyboardManagerConstants.h */,
				530DC5FA1EC8823F000D4CA2 /* IQKeyboardManagerConstantsInternal.h */,
			);
			name = Constants;
			sourceTree = "<group>";
		};
		530DC6011EC88251000D4CA2 /* IQTextView */ = {
			isa = PBXGroup;
			children = (
				530DC6021EC88259000D4CA2 /* IQTextView.h */,
				530DC6031EC88259000D4CA2 /* IQTextView.m */,
			);
			name = IQTextView;
			sourceTree = "<group>";
		};
		530DC6051EC88264000D4CA2 /* IQToolbar */ = {
			isa = PBXGroup;
			children = (
				530DC6061EC88271000D4CA2 /* IQBarButtonItem.h */,
				530DC6071EC88271000D4CA2 /* IQBarButtonItem.m */,
				530DC6081EC88271000D4CA2 /* IQPreviousNextView.h */,
				530DC6091EC88271000D4CA2 /* IQPreviousNextView.m */,
				530DC60A1EC88271000D4CA2 /* IQTitleBarButtonItem.h */,
				530DC60B1EC88271000D4CA2 /* IQTitleBarButtonItem.m */,
				530DC60C1EC88271000D4CA2 /* IQToolbar.h */,
				530DC60D1EC88271000D4CA2 /* IQToolbar.m */,
				530DC60E1EC88271000D4CA2 /* IQUIView+IQKeyboardToolbar.h */,
				530DC60F1EC88271000D4CA2 /* IQUIView+IQKeyboardToolbar.m */,
			);
			name = IQToolbar;
			sourceTree = "<group>";
		};
		530DC6151EC8827D000D4CA2 /* Resources */ = {
			isa = PBXGroup;
			children = (
				530DC6161EC88283000D4CA2 /* IQKeyboardManager.bundle */,
			);
			name = Resources;
			sourceTree = "<group>";
		};
		530DC6181EC882A1000D4CA2 /* CommanClass */ = {
			isa = PBXGroup;
			children = (
				530DC6191EC882A8000D4CA2 /* CommonWS.h */,
				530DC61A1EC882A8000D4CA2 /* CommonWS.m */,
			);
			name = CommanClass;
			sourceTree = "<group>";
		};
		530DC6201EC89979000D4CA2 /* Menu */ = {
			isa = PBXGroup;
			children = (
				530DC6211EC89989000D4CA2 /* CCKFNavDrawer.h */,
				2968CE4120161433006CA19F /* CCKFNavDrawer.m */,
				530DC6231EC89989000D4CA2 /* DrawerView.xib */,
				530DC6241EC89989000D4CA2 /* DrawerView.h */,
				530DC6251EC89989000D4CA2 /* DrawerView.m */,
				530DC6261EC89989000D4CA2 /* MenuCell.h */,
				530DC6271EC89989000D4CA2 /* MenuCell.m */,
				530DC6281EC89989000D4CA2 /* MenuCell.xib */,
			);
			name = Menu;
			sourceTree = "<group>";
		};
		53523A791EC9DD8D00EE41E9 /* HomeIcon */ = {
			isa = PBXGroup;
			children = (
				2968CE332015D2FD006CA19F /* job.png */,
				2968CE372015D446006CA19F /* runningJob.png */,
				2968CE392015D4EF006CA19F /* jobhisry.png */,
				2968CE3B2015D55A006CA19F /* invoice.png */,
				2968CE3D2015D5BC006CA19F /* expense.png */,
				53523A8E1EC9DE8F00EE41E9 /* stock.png */,
				2968CE3F2015D633006CA19F /* expenseHistry.png */,
				53523A8C1EC9DE8000EE41E9 /* profile.png */,
				53523A881EC9DE7300EE41E9 /* notification_list.png */,
				53523A861EC9DE4100EE41E9 /* logout.png */,
				53523A841EC9DE3B00EE41E9 /* inward.png */,
				53523A821EC9DE1600EE41E9 /* dispatch.png */,
				53523A801EC9DE0500EE41E9 /* customer.png */,
				2968CE312015C71A006CA19F /* refreshicon.png */,
				53523A7E1EC9DDF500EE41E9 /* attendence.png */,
				53523A7C1EC9DDF000EE41E9 /* attendence_empty.png */,
			);
			name = HomeIcon;
			sourceTree = "<group>";
		};
		53523A951EC9F86B00EE41E9 /* Cell */ = {
			isa = PBXGroup;
			children = (
				53523A961EC9F88700EE41E9 /* Notification_Cell.h */,
				53523A971EC9F88700EE41E9 /* Notification_Cell.m */,
				53523A981EC9F88700EE41E9 /* Notification_Cell.xib */,
				B133ECAA20300192008BC8AE /* TodayJobCell.h */,
				B133ECAB20300192008BC8AE /* TodayJobCell.m */,
				B133ECAC20300192008BC8AE /* TodayJobCell.xib */,
			);
			name = Cell;
			sourceTree = "<group>";
		};
/* End PBXGroup section */

/* Begin PBXNativeTarget section */
		530DC54B1EC872C1000D4CA2 /* MisterMovers */ = {
			isa = PBXNativeTarget;
			buildConfigurationList = 530DC5631EC872C1000D4CA2 /* Build configuration list for PBXNativeTarget "MisterMovers" */;
			buildPhases = (
				530DC5481EC872C1000D4CA2 /* Sources */,
				530DC5491EC872C1000D4CA2 /* Frameworks */,
				530DC54A1EC872C1000D4CA2 /* Resources */,
			);
			buildRules = (
			);
			dependencies = (
			);
			name = MisterMovers;
			productName = digitalmarketing;
			productReference = 530DC54C1EC872C1000D4CA2 /* MisterMovers.app */;
			productType = "com.apple.product-type.application";
		};
/* End PBXNativeTarget section */

/* Begin PBXProject section */
		530DC5441EC872C1000D4CA2 /* Project object */ = {
			isa = PBXProject;
			attributes = {
				LastUpgradeCheck = 0800;
				ORGANIZATIONNAME = jkinfoway;
				TargetAttributes = {
					530DC54B1EC872C1000D4CA2 = {
						CreatedOnToolsVersion = 8.0;
						DevelopmentTeam = 7PFD68G63X;
						ProvisioningStyle = Manual;
					};
				};
			};
			buildConfigurationList = 530DC5471EC872C1000D4CA2 /* Build configuration list for PBXProject "MisterMovers" */;
			compatibilityVersion = "Xcode 3.2";
			developmentRegion = English;
			hasScannedForEncodings = 0;
			knownRegions = (
				en,
				Base,
			);
			mainGroup = 530DC5431EC872C1000D4CA2;
			productRefGroup = 530DC54D1EC872C1000D4CA2 /* Products */;
			projectDirPath = "";
			projectRoot = "";
			targets = (
				530DC54B1EC872C1000D4CA2 /* MisterMovers */,
			);
		};
/* End PBXProject section */

/* Begin PBXResourcesBuildPhase section */
		530DC54A1EC872C1000D4CA2 /* Resources */ = {
			isa = PBXResourcesBuildPhase;
			buildActionMask = 2147483647;
			files = (
				530DC62F1EC89A74000D4CA2 /* WhiteMenuIcon.png in Resources */,
				2968CE382015D446006CA19F /* runningJob.png in Resources */,
				53523A811EC9DE0600EE41E9 /* customer.png in Resources */,
				53523A851EC9DE3B00EE41E9 /* inward.png in Resources */,
				53523A8D1EC9DE8000EE41E9 /* profile.png in Resources */,
				2968CE3E2015D5BC006CA19F /* expense.png in Resources */,
				53523A8F1EC9DE8F00EE41E9 /* stock.png in Resources */,
				2968CE302015B5BF006CA19F /* ios in Resources */,
				530DC5D21EC881AF000D4CA2 /* KVNProgressView.xib in Resources */,
				530DC62D1EC89989000D4CA2 /* MenuCell.xib in Resources */,
				53523A891EC9DE7300EE41E9 /* notification_list.png in Resources */,
				53523A7F1EC9DDF500EE41E9 /* attendence.png in Resources */,
				53523A871EC9DE4100EE41E9 /* logout.png in Resources */,
				530DC6171EC88283000D4CA2 /* IQKeyboardManager.bundle in Resources */,
				53523A9A1EC9F88700EE41E9 /* Notification_Cell.xib in Resources */,
				53523A831EC9DE1600EE41E9 /* dispatch.png in Resources */,
				530DC55F1EC872C1000D4CA2 /* LaunchScreen.storyboard in Resources */,
				B133ECAE20300192008BC8AE /* TodayJobCell.xib in Resources */,
				530DC62A1EC89989000D4CA2 /* DrawerView.xib in Resources */,
				2968CE342015D2FD006CA19F /* job.png in Resources */,
				2968CE402015D633006CA19F /* expenseHistry.png in Resources */,
				53523A7D1EC9DDF000EE41E9 /* attendence_empty.png in Resources */,
				2968CE3C2015D55A006CA19F /* invoice.png in Resources */,
				530DC55C1EC872C1000D4CA2 /* Assets.xcassets in Resources */,
				2968CE3A2015D4EF006CA19F /* jobhisry.png in Resources */,
				2968CE2E2015B571006CA19F /* splash.png in Resources */,
				530DC55A1EC872C1000D4CA2 /* Main.storyboard in Resources */,
				2968CE322015C71A006CA19F /* refreshicon.png in Resources */,
				53523A731EC972FB00EE41E9 /* logo.png in Resources */,
				2968CE2C2015B0E6006CA19F /* loginLogo.png in Resources */,
			);
			runOnlyForDeploymentPostprocessing = 0;
		};
/* End PBXResourcesBuildPhase section */

/* Begin PBXSourcesBuildPhase section */
		530DC5481EC872C1000D4CA2 /* Sources */ = {
			isa = PBXSourcesBuildPhase;
			buildActionMask = 2147483647;
			files = (
				530DC5FF1EC88249000D4CA2 /* IQKeyboardManager.m in Sources */,
				295A636C203BFAD700110792 /* StartTaskDetailVW.m in Sources */,
				530DC5E21EC881D3000D4CA2 /* UIImage+KVNEmpty.m in Sources */,
				530DC5F31EC8822C000D4CA2 /* IQUIScrollView+Additions.m in Sources */,
				530DC5CC1EC8818A000D4CA2 /* AFURLRequestSerialization.m in Sources */,
				530DC61E1EC88373000D4CA2 /* ForgotPassVW.m in Sources */,
				530DC5F71EC8822C000D4CA2 /* IQUIWindow+Hierarchy.m in Sources */,
				530DC6001EC88249000D4CA2 /* IQKeyboardReturnKeyHandler.m in Sources */,
				530DC58F1EC88157000D4CA2 /* NSData+ImageContentType.m in Sources */,
				530DC5F21EC8822C000D4CA2 /* IQNSArray+Sort.m in Sources */,
				295A6375203C313500110792 /* UviSignatureView.m in Sources */,
				530DC5951EC88157000D4CA2 /* SDWebImageManager.m in Sources */,
				530DC59A1EC88157000D4CA2 /* UIImageView+HighlightedWebCache.m in Sources */,
				53523A941EC9F7EE00EE41E9 /* NotificationVW.m in Sources */,
				530DC5931EC88157000D4CA2 /* SDWebImageDownloader.m in Sources */,
				530DC6141EC88271000D4CA2 /* IQUIView+IQKeyboardToolbar.m in Sources */,
				B11BDB442030609600E97C32 /* ExpenseHistoryView.m in Sources */,
				530DC5B81EC8816C000D4CA2 /* UIProgressView+AFNetworking.m in Sources */,
				530DC59B1EC88157000D4CA2 /* UIImageView+WebCache.m in Sources */,
				530DC5B41EC8816C000D4CA2 /* AFNetworkActivityIndicatorManager.m in Sources */,
				530DC5901EC88157000D4CA2 /* SDImageCache.m in Sources */,
				530DC6121EC88271000D4CA2 /* IQTitleBarButtonItem.m in Sources */,
				530DC5F61EC8822C000D4CA2 /* IQUIViewController+Additions.m in Sources */,
				530DC5B61EC8816C000D4CA2 /* UIButton+AFNetworking.m in Sources */,
				530DC5541EC872C1000D4CA2 /* AppDelegate.m in Sources */,
				530DC5B31EC8816C000D4CA2 /* AFImageDownloader.m in Sources */,
				53523A761EC98D0200EE41E9 /* ProfileVIEW.m in Sources */,
				530DC5BA1EC8816C000D4CA2 /* UIWebView+AFNetworking.m in Sources */,
				530DC5511EC872C1000D4CA2 /* main.m in Sources */,
				530DC5921EC88157000D4CA2 /* SDWebImageDecoder.m in Sources */,
				B133ECB12030118E008BC8AE /* ExpenseView.m in Sources */,
				530DC5CE1EC8818A000D4CA2 /* AFURLSessionManager.m in Sources */,
				530DC5B21EC8816C000D4CA2 /* AFAutoPurgingImageCache.m in Sources */,
				530DC5991EC88157000D4CA2 /* UIImage+MultiFormat.m in Sources */,
				530DC5D81EC881C0000D4CA2 /* KVNProgress.m in Sources */,
				B133ECAD20300192008BC8AE /* TodayJobCell.m in Sources */,
				530DC6111EC88271000D4CA2 /* IQPreviousNextView.m in Sources */,
				530DC62B1EC89989000D4CA2 /* DrawerView.m in Sources */,
				530DC62C1EC89989000D4CA2 /* MenuCell.m in Sources */,
				530DC5CB1EC8818A000D4CA2 /* AFSecurityPolicy.m in Sources */,
				530DC6131EC88271000D4CA2 /* IQToolbar.m in Sources */,
				530DC6041EC88259000D4CA2 /* IQTextView.m in Sources */,
				530DC5941EC88157000D4CA2 /* SDWebImageDownloaderOperation.m in Sources */,
				530DC5F41EC8822C000D4CA2 /* IQUITextFieldView+Additions.m in Sources */,
				530DC5B51EC8816C000D4CA2 /* UIActivityIndicatorView+AFNetworking.m in Sources */,
				530DC5CA1EC8818A000D4CA2 /* AFNetworkReachabilityManager.m in Sources */,
				530DC5701EC88137000D4CA2 /* Reachability.m in Sources */,
				530DC5C91EC8818A000D4CA2 /* AFHTTPSessionManager.m in Sources */,
				295A636F203C05DB00110792 /* TremNconditionVW.m in Sources */,
				2968CE4220161433006CA19F /* CCKFNavDrawer.m in Sources */,
				530DC5971EC88157000D4CA2 /* UIButton+WebCache.m in Sources */,
				530DC5961EC88157000D4CA2 /* SDWebImagePrefetcher.m in Sources */,
				B11BDB41203043D800E97C32 /* JobDetailView.m in Sources */,
				530DC5B91EC8816C000D4CA2 /* UIRefreshControl+AFNetworking.m in Sources */,
				530DC5B71EC8816C000D4CA2 /* UIImageView+AFNetworking.m in Sources */,
				530DC61B1EC882A8000D4CA2 /* CommonWS.m in Sources */,
				530DC6101EC88271000D4CA2 /* IQBarButtonItem.m in Sources */,
				530DC5911EC88157000D4CA2 /* SDWebImageCompat.m in Sources */,
				530DC6321EC89BFD000D4CA2 /* HomeVW.m in Sources */,
				530DC5F51EC8822C000D4CA2 /* IQUIView+Hierarchy.m in Sources */,
				530DC5D91EC881C0000D4CA2 /* KVNProgressConfiguration.m in Sources */,
				53523A991EC9F88700EE41E9 /* Notification_Cell.m in Sources */,
				530DC5981EC88157000D4CA2 /* UIImage+GIF.m in Sources */,
				530DC59C1EC88157000D4CA2 /* UIView+WebCacheOperation.m in Sources */,
				530DC5E11EC881D3000D4CA2 /* UIColor+KVNContrast.m in Sources */,
				B133ECA9202FF512008BC8AE /* JobView.m in Sources */,
				530DC5CD1EC8818A000D4CA2 /* AFURLResponseSerialization.m in Sources */,
				530DC5E31EC881D3000D4CA2 /* UIImage+KVNImageEffects.m in Sources */,
				295A6372203C11C300110792 /* SignatureVW.m in Sources */,
				530DC5681EC873AC000D4CA2 /* LogInVW.m in Sources */,
			);
			runOnlyForDeploymentPostprocessing = 0;
		};
/* End PBXSourcesBuildPhase section */

/* Begin PBXVariantGroup section */
		530DC5581EC872C1000D4CA2 /* Main.storyboard */ = {
			isa = PBXVariantGroup;
			children = (
				530DC5591EC872C1000D4CA2 /* Base */,
			);
			name = Main.storyboard;
			sourceTree = "<group>";
		};
		530DC55D1EC872C1000D4CA2 /* LaunchScreen.storyboard */ = {
			isa = PBXVariantGroup;
			children = (
				530DC55E1EC872C1000D4CA2 /* Base */,
			);
			name = LaunchScreen.storyboard;
			sourceTree = "<group>";
		};
/* End PBXVariantGroup section */

/* Begin XCBuildConfiguration section */
		530DC5611EC872C1000D4CA2 /* Debug */ = {
			isa = XCBuildConfiguration;
			buildSettings = {
				ALWAYS_SEARCH_USER_PATHS = NO;
				CLANG_ANALYZER_NONNULL = YES;
				CLANG_CXX_LANGUAGE_STANDARD = "gnu++0x";
				CLANG_CXX_LIBRARY = "libc++";
				CLANG_ENABLE_MODULES = YES;
				CLANG_ENABLE_OBJC_ARC = YES;
				CLANG_WARN_BOOL_CONVERSION = YES;
				CLANG_WARN_CONSTANT_CONVERSION = YES;
				CLANG_WARN_DIRECT_OBJC_ISA_USAGE = YES_ERROR;
				CLANG_WARN_DOCUMENTATION_COMMENTS = YES;
				CLANG_WARN_EMPTY_BODY = YES;
				CLANG_WARN_ENUM_CONVERSION = YES;
				CLANG_WARN_INFINITE_RECURSION = YES;
				CLANG_WARN_INT_CONVERSION = YES;
				CLANG_WARN_OBJC_ROOT_CLASS = YES_ERROR;
				CLANG_WARN_SUSPICIOUS_MOVES = YES;
				CLANG_WARN_UNREACHABLE_CODE = YES;
				CLANG_WARN__DUPLICATE_METHOD_MATCH = YES;
				"CODE_SIGN_IDENTITY[sdk=iphoneos*]" = "iPhone Developer";
				COPY_PHASE_STRIP = NO;
				DEBUG_INFORMATION_FORMAT = dwarf;
				ENABLE_STRICT_OBJC_MSGSEND = YES;
				ENABLE_TESTABILITY = YES;
				GCC_C_LANGUAGE_STANDARD = gnu99;
				GCC_DYNAMIC_NO_PIC = NO;
				GCC_NO_COMMON_BLOCKS = YES;
				GCC_OPTIMIZATION_LEVEL = 0;
				GCC_PREPROCESSOR_DEFINITIONS = (
					"DEBUG=1",
					"$(inherited)",
				);
				GCC_WARN_64_TO_32_BIT_CONVERSION = YES;
				GCC_WARN_ABOUT_RETURN_TYPE = YES_ERROR;
				GCC_WARN_UNDECLARED_SELECTOR = YES;
				GCC_WARN_UNINITIALIZED_AUTOS = YES_AGGRESSIVE;
				GCC_WARN_UNUSED_FUNCTION = YES;
				GCC_WARN_UNUSED_VARIABLE = YES;
				IPHONEOS_DEPLOYMENT_TARGET = 9.0;
				MTL_ENABLE_DEBUG_INFO = YES;
				ONLY_ACTIVE_ARCH = YES;
				SDKROOT = iphoneos;
			};
			name = Debug;
		};
		530DC5621EC872C1000D4CA2 /* Release */ = {
			isa = XCBuildConfiguration;
			buildSettings = {
				ALWAYS_SEARCH_USER_PATHS = NO;
				CLANG_ANALYZER_NONNULL = YES;
				CLANG_CXX_LANGUAGE_STANDARD = "gnu++0x";
				CLANG_CXX_LIBRARY = "libc++";
				CLANG_ENABLE_MODULES = YES;
				CLANG_ENABLE_OBJC_ARC = YES;
				CLANG_WARN_BOOL_CONVERSION = YES;
				CLANG_WARN_CONSTANT_CONVERSION = YES;
				CLANG_WARN_DIRECT_OBJC_ISA_USAGE = YES_ERROR;
				CLANG_WARN_DOCUMENTATION_COMMENTS = YES;
				CLANG_WARN_EMPTY_BODY = YES;
				CLANG_WARN_ENUM_CONVERSION = YES;
				CLANG_WARN_INFINITE_RECURSION = YES;
				CLANG_WARN_INT_CONVERSION = YES;
				CLANG_WARN_OBJC_ROOT_CLASS = YES_ERROR;
				CLANG_WARN_SUSPICIOUS_MOVES = YES;
				CLANG_WARN_UNREACHABLE_CODE = YES;
				CLANG_WARN__DUPLICATE_METHOD_MATCH = YES;
				"CODE_SIGN_IDENTITY[sdk=iphoneos*]" = "iPhone Developer";
				COPY_PHASE_STRIP = NO;
				DEBUG_INFORMATION_FORMAT = "dwarf-with-dsym";
				ENABLE_NS_ASSERTIONS = NO;
				ENABLE_STRICT_OBJC_MSGSEND = YES;
				GCC_C_LANGUAGE_STANDARD = gnu99;
				GCC_NO_COMMON_BLOCKS = YES;
				GCC_WARN_64_TO_32_BIT_CONVERSION = YES;
				GCC_WARN_ABOUT_RETURN_TYPE = YES_ERROR;
				GCC_WARN_UNDECLARED_SELECTOR = YES;
				GCC_WARN_UNINITIALIZED_AUTOS = YES_AGGRESSIVE;
				GCC_WARN_UNUSED_FUNCTION = YES;
				GCC_WARN_UNUSED_VARIABLE = YES;
				IPHONEOS_DEPLOYMENT_TARGET = 9.0;
				MTL_ENABLE_DEBUG_INFO = NO;
				SDKROOT = iphoneos;
				VALIDATE_PRODUCT = YES;
			};
			name = Release;
		};
		530DC5641EC872C1000D4CA2 /* Debug */ = {
			isa = XCBuildConfiguration;
			buildSettings = {
				ASSETCATALOG_COMPILER_APPICON_NAME = AppIcon;
				"CODE_SIGN_IDENTITY[sdk=iphoneos*]" = "iPhone Developer";
				DEVELOPMENT_TEAM = 7PFD68G63X;
				GCC_PRECOMPILE_PREFIX_HEADER = NO;
				GCC_PREPROCESSOR_DEFINITIONS_NOT_USED_IN_PRECOMPS = "";
				INFOPLIST_FILE = MisterMovers/Info.plist;
				IPHONEOS_DEPLOYMENT_TARGET = 9.0;
				LD_RUNPATH_SEARCH_PATHS = "$(inherited) @executable_path/Frameworks";
				PRODUCT_BUNDLE_IDENTIFIER = com.misterMovers;
				PRODUCT_NAME = "$(TARGET_NAME)";
				PROVISIONING_PROFILE = "5dc1edf5-0713-4efa-b629-011736b1f1ba";
				PROVISIONING_PROFILE_SPECIFIER = MisterMovers_dev;
			};
			name = Debug;
		};
		530DC5651EC872C1000D4CA2 /* Release */ = {
			isa = XCBuildConfiguration;
			buildSettings = {
				ASSETCATALOG_COMPILER_APPICON_NAME = AppIcon;
				"CODE_SIGN_IDENTITY[sdk=iphoneos*]" = "iPhone Developer";
				DEVELOPMENT_TEAM = 7PFD68G63X;
				GCC_PRECOMPILE_PREFIX_HEADER = NO;
				GCC_PREPROCESSOR_DEFINITIONS_NOT_USED_IN_PRECOMPS = "";
				INFOPLIST_FILE = MisterMovers/Info.plist;
				IPHONEOS_DEPLOYMENT_TARGET = 9.0;
				LD_RUNPATH_SEARCH_PATHS = "$(inherited) @executable_path/Frameworks";
				PRODUCT_BUNDLE_IDENTIFIER = com.misterMovers;
				PRODUCT_NAME = "$(TARGET_NAME)";
				PROVISIONING_PROFILE = "5dc1edf5-0713-4efa-b629-011736b1f1ba";
				PROVISIONING_PROFILE_SPECIFIER = MisterMovers_dev;
			};
			name = Release;
		};
/* End XCBuildConfiguration section */

/* Begin XCConfigurationList section */
		530DC5471EC872C1000D4CA2 /* Build configuration list for PBXProject "MisterMovers" */ = {
			isa = XCConfigurationList;
			buildConfigurations = (
				530DC5611EC872C1000D4CA2 /* Debug */,
				530DC5621EC872C1000D4CA2 /* Release */,
			);
			defaultConfigurationIsVisible = 0;
			defaultConfigurationName = Release;
		};
		530DC5631EC872C1000D4CA2 /* Build configuration list for PBXNativeTarget "MisterMovers" */ = {
			isa = XCConfigurationList;
			buildConfigurations = (
				530DC5641EC872C1000D4CA2 /* Debug */,
				530DC5651EC872C1000D4CA2 /* Release */,
			);
			defaultConfigurationIsVisible = 0;
			defaultConfigurationName = Release;
		};
/* End XCConfigurationList section */
	};
	rootObject = 530DC5441EC872C1000D4CA2 /* Project object */;
}
